// !$*UTF8*$!
{
	archiveVersion = 1;
	classes = {
	};
	objectVersion = 46;
	objects = {

/* Begin PBXBuildFile section */
		A2D42F1B19FEC6ED0098F93B /* main.cpp in Sources */ = {isa = PBXBuildFile; fileRef = A2D42F1A19FEC6ED0098F93B /* main.cpp */; };
/* End PBXBuildFile section */

/* Begin PBXCopyFilesBuildPhase section */
		A2D42F1519FEC6ED0098F93B /* CopyFiles */ = {
			isa = PBXCopyFilesBuildPhase;
			buildActionMask = 2147483647;
			dstPath = /usr/share/man/man1/;
			dstSubfolderSpec = 0;
			files = (
			);
			runOnlyForDeploymentPostprocessing = 1;
		};
/* End PBXCopyFilesBuildPhase section */

/* Begin PBXFileReference section */
		A208989F1A5930E4000F998F /* Decode Ways.h */ = {isa = PBXFileReference; lastKnownFileType = sourcecode.c.h; path = "Decode Ways.h"; sourceTree = "<group>"; };
		A209681A1A8ECD3600B2AFFB /* Search in Rotated Sorted Array.h */ = {isa = PBXFileReference; lastKnownFileType = sourcecode.c.h; path = "Search in Rotated Sorted Array.h"; sourceTree = "<group>"; };
		A209681B1A8F4ECD00B2AFFB /* Search for a Range.h */ = {isa = PBXFileReference; lastKnownFileType = sourcecode.c.h; path = "Search for a Range.h"; sourceTree = "<group>"; };
		A209681C1A8FDCBD00B2AFFB /* Search Insert Position.h */ = {isa = PBXFileReference; lastKnownFileType = sourcecode.c.h; path = "Search Insert Position.h"; sourceTree = "<group>"; };
		A209681D1A90429700B2AFFB /* Trapping Rain Water.h */ = {isa = PBXFileReference; lastKnownFileType = sourcecode.c.h; path = "Trapping Rain Water.h"; sourceTree = "<group>"; };
		A209681E1A9057AF00B2AFFB /* Jump Game II.h */ = {isa = PBXFileReference; lastKnownFileType = sourcecode.c.h; path = "Jump Game II.h"; sourceTree = "<group>"; };
		A20B52891A153F9800126095 /* 3Sum.h */ = {isa = PBXFileReference; lastKnownFileType = sourcecode.c.h; path = 3Sum.h; sourceTree = "<group>"; };
		A212C8191A45589C0058F9BC /* Construct Binary Tree from Preorder and Inorder Traversal.h */ = {isa = PBXFileReference; lastKnownFileType = sourcecode.c.h; path = "Construct Binary Tree from Preorder and Inorder Traversal.h"; sourceTree = "<group>"; };
		A212C81A1A455FF60058F9BC /* Construct Binary Tree from Inorder and Postorder Traversal.h */ = {isa = PBXFileReference; lastKnownFileType = sourcecode.c.h; path = "Construct Binary Tree from Inorder and Postorder Traversal.h"; sourceTree = "<group>"; };
		A21A31971A0C0CAB00CD41D8 /* Text Justification.h */ = {isa = PBXFileReference; lastKnownFileType = sourcecode.c.h; path = "Text Justification.h"; sourceTree = "<group>"; };
		A21A79D61B1A4CAC00BDD366 /* Longest Increasing Continuous subsequence II.h */ = {isa = PBXFileReference; lastKnownFileType = sourcecode.c.h; path = "Longest Increasing Continuous subsequence II.h"; sourceTree = "<group>"; };
		A21A79D71B1A4CD800BDD366 /* Longest Increasing Continuous subsequence.h */ = {isa = PBXFileReference; lastKnownFileType = sourcecode.c.h; path = "Longest Increasing Continuous subsequence.h"; sourceTree = "<group>"; };
		A21A79D81B1A53ED00BDD366 /* Partition Array by Odd and Even.h */ = {isa = PBXFileReference; lastKnownFileType = sourcecode.c.h; path = "Partition Array by Odd and Even.h"; sourceTree = "<group>"; };
		A21A79D91B1A5BFB00BDD366 /* Subtree.h */ = {isa = PBXFileReference; lastKnownFileType = sourcecode.c.h; path = Subtree.h; sourceTree = "<group>"; };
		A21A79DA1B1A5D9400BDD366 /* Coins in a Line.h */ = {isa = PBXFileReference; lastKnownFileType = sourcecode.c.h; path = "Coins in a Line.h"; sourceTree = "<group>"; };
		A21A79DB1B1A6C6C00BDD366 /* Coins in a Line II.h */ = {isa = PBXFileReference; lastKnownFileType = sourcecode.c.h; path = "Coins in a Line II.h"; sourceTree = "<group>"; };
		A21A79DC1B1A893D00BDD366 /* Coins in a Line III.h */ = {isa = PBXFileReference; lastKnownFileType = sourcecode.c.h; path = "Coins in a Line III.h"; sourceTree = "<group>"; };
		A21A79DD1B1A978C00BDD366 /* Triangle Count.h */ = {isa = PBXFileReference; lastKnownFileType = sourcecode.c.h; path = "Triangle Count.h"; sourceTree = "<group>"; };
		A21A79DE1B1AE50000BDD366 /* Assignment Operator Overloading.h */ = {isa = PBXFileReference; lastKnownFileType = sourcecode.c.h; path = "Assignment Operator Overloading.h"; sourceTree = "<group>"; };
		A21A79DF1B1BA93800BDD366 /* The Smallest Difference.h */ = {isa = PBXFileReference; lastKnownFileType = sourcecode.c.h; path = "The Smallest Difference.h"; sourceTree = "<group>"; };
		A21A79E01B1C235500BDD366 /* Longest Substring with At Most K Distinct Characters.h */ = {isa = PBXFileReference; lastKnownFileType = sourcecode.c.h; path = "Longest Substring with At Most K Distinct Characters.h"; sourceTree = "<group>"; };
		A21A79E11B1C2A5200BDD366 /* Segment Tree Build.h */ = {isa = PBXFileReference; lastKnownFileType = sourcecode.c.h; path = "Segment Tree Build.h"; sourceTree = "<group>"; };
		A21A79E21B1C2E6A00BDD366 /* Segment Tree Query.h */ = {isa = PBXFileReference; lastKnownFileType = sourcecode.c.h; path = "Segment Tree Query.h"; sourceTree = "<group>"; };
		A21A79E31B1C34E800BDD366 /* Segment Tree Modify.h */ = {isa = PBXFileReference; lastKnownFileType = sourcecode.c.h; path = "Segment Tree Modify.h"; sourceTree = "<group>"; };
		A21A79E41B1C3A1E00BDD366 /* Segment Tree Query II.h */ = {isa = PBXFileReference; lastKnownFileType = sourcecode.c.h; path = "Segment Tree Query II.h"; sourceTree = "<group>"; };
		A21A79E51B1C404A00BDD366 /* Count of Smaller Number before itself.h */ = {isa = PBXFileReference; lastKnownFileType = sourcecode.c.h; path = "Count of Smaller Number before itself.h"; sourceTree = "<group>"; };
		A21D7E701B13C1AF006CCB2A /* Shortest Palindrome.h */ = {isa = PBXFileReference; lastKnownFileType = sourcecode.c.h; path = "Shortest Palindrome.h"; sourceTree = "<group>"; };
		A21D7E711B13F820006CCB2A /* Combination Sum III.h */ = {isa = PBXFileReference; lastKnownFileType = sourcecode.c.h; path = "Combination Sum III.h"; sourceTree = "<group>"; };
		A21D7E721B14F227006CCB2A /* tenary.h */ = {isa = PBXFileReference; lastKnownFileType = sourcecode.c.h; name = tenary.h; path = Solution/tenary.h; sourceTree = "<group>"; };
		A22066811A01F29D00ED6341 /* Algorithm.h */ = {isa = PBXFileReference; lastKnownFileType = sourcecode.c.h; path = Algorithm.h; sourceTree = "<group>"; };
		A22066821A01F29D00ED6341 /* Container.h */ = {isa = PBXFileReference; lastKnownFileType = sourcecode.c.h; path = Container.h; sourceTree = "<group>"; };
		A22066831A01F29D00ED6341 /* InputOutput.h */ = {isa = PBXFileReference; lastKnownFileType = sourcecode.c.h; path = InputOutput.h; sourceTree = "<group>"; };
		A22066841A01F29D00ED6341 /* Numerics.h */ = {isa = PBXFileReference; lastKnownFileType = sourcecode.c.h; path = Numerics.h; sourceTree = "<group>"; };
		A221935D1A92E5640045E51D /* Jump Game.h */ = {isa = PBXFileReference; lastKnownFileType = sourcecode.c.h; path = "Jump Game.h"; sourceTree = "<group>"; };
		A221935E1A92F0BA0045E51D /* Length of Last Word.h */ = {isa = PBXFileReference; lastKnownFileType = sourcecode.c.h; path = "Length of Last Word.h"; sourceTree = "<group>"; };
		A221935F1A930A6A0045E51D /* Rotate List.h */ = {isa = PBXFileReference; lastKnownFileType = sourcecode.c.h; path = "Rotate List.h"; sourceTree = "<group>"; };
		A22193601A931D520045E51D /* Unique Paths II.h */ = {isa = PBXFileReference; lastKnownFileType = sourcecode.c.h; path = "Unique Paths II.h"; sourceTree = "<group>"; };
		A22193611A932DEE0045E51D /* Add Binary.h */ = {isa = PBXFileReference; lastKnownFileType = sourcecode.c.h; path = "Add Binary.h"; sourceTree = "<group>"; };
		A224A7AA1A4953DA005A5086 /* Majority Element.h */ = {isa = PBXFileReference; lastKnownFileType = sourcecode.c.h; path = "Majority Element.h"; sourceTree = "<group>"; };
		A22D3E301A27E6D6007E4528 /* ZigZag Conversion.h */ = {isa = PBXFileReference; lastKnownFileType = sourcecode.c.h; path = "ZigZag Conversion.h"; sourceTree = "<group>"; };
		A22D3E311A27EF4B007E4528 /* Unique Binary Search Trees.h */ = {isa = PBXFileReference; lastKnownFileType = sourcecode.c.h; path = "Unique Binary Search Trees.h"; sourceTree = "<group>"; };
		A22D3E321A27FC53007E4528 /* Unique Binary Search Trees II.h */ = {isa = PBXFileReference; lastKnownFileType = sourcecode.c.h; path = "Unique Binary Search Trees II.h"; sourceTree = "<group>"; };
		A22D3E331A28484D007E4528 /* Spiral Matrix II.h */ = {isa = PBXFileReference; lastKnownFileType = sourcecode.c.h; path = "Spiral Matrix II.h"; sourceTree = "<group>"; };
		A22D3E341A284C8F007E4528 /* Best Time to Buy and Sell Stock.h */ = {isa = PBXFileReference; lastKnownFileType = sourcecode.c.h; path = "Best Time to Buy and Sell Stock.h"; sourceTree = "<group>"; };
		A22D3E351A284E36007E4528 /* Best Time to Buy and Sell Stock II.h */ = {isa = PBXFileReference; lastKnownFileType = sourcecode.c.h; path = "Best Time to Buy and Sell Stock II.h"; sourceTree = "<group>"; };
		A22D3E361A287B8C007E4528 /* Best Time to Buy and Sell Stock III.h */ = {isa = PBXFileReference; lastKnownFileType = sourcecode.c.h; path = "Best Time to Buy and Sell Stock III.h"; sourceTree = "<group>"; };
		A22D3E371A287D50007E4528 /* Binary Tree Preorder Traversal.h */ = {isa = PBXFileReference; lastKnownFileType = sourcecode.c.h; path = "Binary Tree Preorder Traversal.h"; sourceTree = "<group>"; };
		A22D3E381A288208007E4528 /* Rotate Image.h */ = {isa = PBXFileReference; lastKnownFileType = sourcecode.c.h; path = "Rotate Image.h"; sourceTree = "<group>"; };
		A232651D1A01D99E007F6C77 /* Prefix.pch */ = {isa = PBXFileReference; lastKnownFileType = sourcecode.c.h; path = Prefix.pch; sourceTree = "<group>"; };
		A23A100F1A9340DE0006068B /* Sort Colors.h */ = {isa = PBXFileReference; lastKnownFileType = sourcecode.c.h; path = "Sort Colors.h"; sourceTree = "<group>"; };
		A23A10101A9435020006068B /* Search in Rotated Sorted Array II.h */ = {isa = PBXFileReference; lastKnownFileType = sourcecode.c.h; path = "Search in Rotated Sorted Array II.h"; sourceTree = "<group>"; };
		A23A7C001A69D85500CA25AA /* Dungeon Game.h */ = {isa = PBXFileReference; lastKnownFileType = sourcecode.c.h; path = "Dungeon Game.h"; sourceTree = "<group>"; };
		A23ABB2B1A3AC0410015BDA0 /* Binary Tree Level Order Traversal II.h */ = {isa = PBXFileReference; lastKnownFileType = sourcecode.c.h; path = "Binary Tree Level Order Traversal II.h"; sourceTree = "<group>"; };
		A23ABB2C1A3AC9E00015BDA0 /* Find Peak Element.h */ = {isa = PBXFileReference; lastKnownFileType = sourcecode.c.h; path = "Find Peak Element.h"; sourceTree = "<group>"; };
		A23BA5781A1C68B200F69AD5 /* Container With Most Water.h */ = {isa = PBXFileReference; lastKnownFileType = sourcecode.c.h; path = "Container With Most Water.h"; sourceTree = "<group>"; };
		A23BABAE1A1724D60022740A /* 4Sum.h */ = {isa = PBXFileReference; lastKnownFileType = sourcecode.c.h; path = 4Sum.h; sourceTree = "<group>"; };
		A23E56AA1A6F7B6700ABB24C /* Largest Number.h */ = {isa = PBXFileReference; lastKnownFileType = sourcecode.c.h; path = "Largest Number.h"; sourceTree = "<group>"; };
		A23F083F1A18AB1B001CCD7F /* Reorder List.h */ = {isa = PBXFileReference; lastKnownFileType = sourcecode.c.h; path = "Reorder List.h"; sourceTree = "<group>"; };
		A23F86CE1A339AE8008C297D /* Reverse Linked List II.h */ = {isa = PBXFileReference; lastKnownFileType = sourcecode.c.h; path = "Reverse Linked List II.h"; sourceTree = "<group>"; };
		A23F86CF1A33F67F008C297D /* Subsets II.h */ = {isa = PBXFileReference; lastKnownFileType = sourcecode.c.h; path = "Subsets II.h"; sourceTree = "<group>"; };
		A23F86D01A342C44008C297D /* Single Number II.h */ = {isa = PBXFileReference; lastKnownFileType = sourcecode.c.h; path = "Single Number II.h"; sourceTree = "<group>"; };
		A24676961A8BE9530000E440 /* Remove Duplicates from Sorted Array.h */ = {isa = PBXFileReference; lastKnownFileType = sourcecode.c.h; path = "Remove Duplicates from Sorted Array.h"; sourceTree = "<group>"; };
		A24676971A8BEF990000E440 /* Implement strStr().h */ = {isa = PBXFileReference; lastKnownFileType = sourcecode.c.h; path = "Implement strStr().h"; sourceTree = "<group>"; };
		A24A36B71A1021D20018B741 /* Insert Interval.h */ = {isa = PBXFileReference; lastKnownFileType = sourcecode.c.h; path = "Insert Interval.h"; sourceTree = "<group>"; };
		A24A36B81A103A330018B741 /* Merge Intervals.h */ = {isa = PBXFileReference; lastKnownFileType = sourcecode.c.h; path = "Merge Intervals.h"; sourceTree = "<group>"; };
		A24A36B91A10874B0018B741 /* Reverse Words in a String.h */ = {isa = PBXFileReference; lastKnownFileType = sourcecode.c.h; path = "Reverse Words in a String.h"; sourceTree = "<group>"; };
		A24A36BA1A1099820018B741 /* First Missing Positive.h */ = {isa = PBXFileReference; lastKnownFileType = sourcecode.c.h; path = "First Missing Positive.h"; sourceTree = "<group>"; };
		A2525AC81A2B0D470043A528 /* Intersection of Two Linked Lists.h */ = {isa = PBXFileReference; lastKnownFileType = sourcecode.c.h; path = "Intersection of Two Linked Lists.h"; sourceTree = "<group>"; };
		A25D26821A89B38600ED7918 /* 3Sum Closest.h */ = {isa = PBXFileReference; lastKnownFileType = sourcecode.c.h; path = "3Sum Closest.h"; sourceTree = "<group>"; };
		A25D26831A89C39E00ED7918 /* Letter Combinations of a Phone Number.h */ = {isa = PBXFileReference; lastKnownFileType = sourcecode.c.h; name = "Letter Combinations of a Phone Number.h"; path = "../Letter Combinations of a Phone Number.h"; sourceTree = "<group>"; };
		A25D26841A8AE95E00ED7918 /* Remove Nth Node From End of List.h */ = {isa = PBXFileReference; lastKnownFileType = sourcecode.c.h; path = "Remove Nth Node From End of List.h"; sourceTree = "<group>"; };
		A25D26851A8AEEF800ED7918 /* Merge Two Sorted Lists.h */ = {isa = PBXFileReference; lastKnownFileType = sourcecode.c.h; path = "Merge Two Sorted Lists.h"; sourceTree = "<group>"; };
		A25D26861A8AF1AB00ED7918 /* Generate Parentheses.h */ = {isa = PBXFileReference; lastKnownFileType = sourcecode.c.h; path = "Generate Parentheses.h"; sourceTree = "<group>"; };
		A25F456D1A0B611000E713AB /* Distinct Subsequences.h */ = {isa = PBXFileReference; fileEncoding = 4; lastKnownFileType = sourcecode.c.h; path = "Distinct Subsequences.h"; sourceTree = "<group>"; };
		A25F456E1A0B611000E713AB /* Largest Rectangle in Histogram.h */ = {isa = PBXFileReference; fileEncoding = 4; lastKnownFileType = sourcecode.c.h; path = "Largest Rectangle in Histogram.h"; sourceTree = "<group>"; };
		A25F456F1A0B611000E713AB /* Maximal Rectangle.h */ = {isa = PBXFileReference; fileEncoding = 4; lastKnownFileType = sourcecode.c.h; path = "Maximal Rectangle.h"; sourceTree = "<group>"; };
		A25F45701A0B611000E713AB /* Minimum Window Substring.h */ = {isa = PBXFileReference; fileEncoding = 4; lastKnownFileType = sourcecode.c.h; path = "Minimum Window Substring.h"; sourceTree = "<group>"; };
		A25F45711A0B611000E713AB /* Scramble String.h */ = {isa = PBXFileReference; fileEncoding = 4; lastKnownFileType = sourcecode.c.h; path = "Scramble String.h"; sourceTree = "<group>"; };
		A25F45721A0B611000E713AB /* Binary Tree Maximum Path Sum.h */ = {isa = PBXFileReference; fileEncoding = 4; lastKnownFileType = sourcecode.c.h; path = "Binary Tree Maximum Path Sum.h"; sourceTree = "<group>"; };
		A25F45731A0B611000E713AB /* Binary Tree Postorder Traversal.h */ = {isa = PBXFileReference; fileEncoding = 4; lastKnownFileType = sourcecode.c.h; path = "Binary Tree Postorder Traversal.h"; sourceTree = "<group>"; };
		A25F45741A0B611000E713AB /* candy.h */ = {isa = PBXFileReference; fileEncoding = 4; lastKnownFileType = sourcecode.c.h; path = candy.h; sourceTree = "<group>"; };
		A25F45751A0B611000E713AB /* Interleaving String.h */ = {isa = PBXFileReference; fileEncoding = 4; lastKnownFileType = sourcecode.c.h; path = "Interleaving String.h"; sourceTree = "<group>"; };
		A25F45761A0B611000E713AB /* Longest Consecutive Sequence.h */ = {isa = PBXFileReference; fileEncoding = 4; lastKnownFileType = sourcecode.c.h; path = "Longest Consecutive Sequence.h"; sourceTree = "<group>"; };
		A25F45771A0B611000E713AB /* Maximum Subarray.h */ = {isa = PBXFileReference; fileEncoding = 4; lastKnownFileType = sourcecode.c.h; path = "Maximum Subarray.h"; sourceTree = "<group>"; };
		A25F45781A0B611000E713AB /* Populating Next Right Pointers in Each Node II.h */ = {isa = PBXFileReference; fileEncoding = 4; lastKnownFileType = sourcecode.c.h; path = "Populating Next Right Pointers in Each Node II.h"; sourceTree = "<group>"; };
		A25F45791A0B611000E713AB /* Populating Next Right Pointers in Each Node.h */ = {isa = PBXFileReference; fileEncoding = 4; lastKnownFileType = sourcecode.c.h; path = "Populating Next Right Pointers in Each Node.h"; sourceTree = "<group>"; };
		A25F457A1A0B611000E713AB /* Recover Binary Search Tree.h */ = {isa = PBXFileReference; fileEncoding = 4; lastKnownFileType = sourcecode.c.h; path = "Recover Binary Search Tree.h"; sourceTree = "<group>"; };
		A263853D1B1D73D0008027DB /* Convert Sorted Array to Binary Search Tree With Minimal Height.h */ = {isa = PBXFileReference; lastKnownFileType = sourcecode.c.h; path = "Convert Sorted Array to Binary Search Tree With Minimal Height.h"; sourceTree = "<group>"; };
		A263853E1B1E5824008027DB /* Delete Digits.h */ = {isa = PBXFileReference; lastKnownFileType = sourcecode.c.h; path = "Delete Digits.h"; sourceTree = "<group>"; };
		A263853F1B1E6ABF008027DB /* Route Between Two Nodes in Graph.h */ = {isa = PBXFileReference; lastKnownFileType = sourcecode.c.h; path = "Route Between Two Nodes in Graph.h"; sourceTree = "<group>"; };
		A26385401B1E6F70008027DB /* Minimum Depth of Binary Tree.h */ = {isa = PBXFileReference; lastKnownFileType = sourcecode.c.h; path = "Minimum Depth of Binary Tree.h"; sourceTree = "<group>"; };
		A26385411B1E9E5E008027DB /* Interleaving Positive and Negative Numbers.h */ = {isa = PBXFileReference; lastKnownFileType = sourcecode.c.h; path = "Interleaving Positive and Negative Numbers.h"; sourceTree = "<group>"; };
		A26385421B1EB887008027DB /* Subarray Sum Closest.h */ = {isa = PBXFileReference; lastKnownFileType = sourcecode.c.h; path = "Subarray Sum Closest.h"; sourceTree = "<group>"; };
		A26385431B1EBB57008027DB /* Subarray Sum.h */ = {isa = PBXFileReference; lastKnownFileType = sourcecode.c.h; path = "Subarray Sum.h"; sourceTree = "<group>"; };
		A26E0F961A22D81D00B02EAB /* Path Sum II.h */ = {isa = PBXFileReference; lastKnownFileType = sourcecode.c.h; path = "Path Sum II.h"; sourceTree = "<group>"; };
		A26E0F971A23026100B02EAB /* Convert Sorted List to Binary Search Tree.h */ = {isa = PBXFileReference; lastKnownFileType = sourcecode.c.h; path = "Convert Sorted List to Binary Search Tree.h"; sourceTree = "<group>"; };
		A26E0F981A23102700B02EAB /* Permutation Sequence.h */ = {isa = PBXFileReference; lastKnownFileType = sourcecode.c.h; path = "Permutation Sequence.h"; sourceTree = "<group>"; };
		A26F4DB81A3F7BDA00DC45B2 /* Maximum Product Subarray.h */ = {isa = PBXFileReference; lastKnownFileType = sourcecode.c.h; path = "Maximum Product Subarray.h"; sourceTree = "<group>"; };
		A26F4DB91A3F9FDB00DC45B2 /* Gas Station.h */ = {isa = PBXFileReference; lastKnownFileType = sourcecode.c.h; path = "Gas Station.h"; sourceTree = "<group>"; };
		A26F4DBA1A3FAF1100DC45B2 /* Pascal's Triangle II.h */ = {isa = PBXFileReference; lastKnownFileType = sourcecode.c.h; path = "Pascal's Triangle II.h"; sourceTree = "<group>"; };
		A26F4DBB1A3FB7BC00DC45B2 /* Simplify Path.h */ = {isa = PBXFileReference; lastKnownFileType = sourcecode.c.h; path = "Simplify Path.h"; sourceTree = "<group>"; };
		A26F4DBC1A3FC3FF00DC45B2 /* Longest Palindromic Substring.h */ = {isa = PBXFileReference; lastKnownFileType = sourcecode.c.h; path = "Longest Palindromic Substring.h"; sourceTree = "<group>"; };
		A26F4DBD1A3FDE3700DC45B2 /* Path Sum.h */ = {isa = PBXFileReference; lastKnownFileType = sourcecode.c.h; path = "Path Sum.h"; sourceTree = "<group>"; };
		A26F4DBE1A3FE65600DC45B2 /* Longest Substring Without Repeating Characters.h */ = {isa = PBXFileReference; lastKnownFileType = sourcecode.c.h; path = "Longest Substring Without Repeating Characters.h"; sourceTree = "<group>"; };
		A26FFDF61B07AF900040DDF8 /* Repeated DNA Sequences.h */ = {isa = PBXFileReference; lastKnownFileType = sourcecode.c.h; path = "Repeated DNA Sequences.h"; sourceTree = "<group>"; };
		A26FFDF71B083CB70040DDF8 /* Rotate Array.h */ = {isa = PBXFileReference; lastKnownFileType = sourcecode.c.h; path = "Rotate Array.h"; sourceTree = "<group>"; };
		A26FFDF81B09C1160040DDF8 /* Reverse Bits.h */ = {isa = PBXFileReference; lastKnownFileType = sourcecode.c.h; path = "Reverse Bits.h"; sourceTree = "<group>"; };
		A26FFDF91B09CBEA0040DDF8 /* House Robber.h */ = {isa = PBXFileReference; lastKnownFileType = sourcecode.c.h; path = "House Robber.h"; sourceTree = "<group>"; };
		A26FFDFA1B09D1060040DDF8 /* Binary Tree Right Side View.h */ = {isa = PBXFileReference; lastKnownFileType = sourcecode.c.h; path = "Binary Tree Right Side View.h"; sourceTree = "<group>"; };
		A26FFDFB1B09D7930040DDF8 /* Number of Islands.h */ = {isa = PBXFileReference; lastKnownFileType = sourcecode.c.h; path = "Number of Islands.h"; sourceTree = "<group>"; };
		A26FFDFC1B09E0FD0040DDF8 /* Bitwise AND of Numbers Range.h */ = {isa = PBXFileReference; lastKnownFileType = sourcecode.c.h; path = "Bitwise AND of Numbers Range.h"; sourceTree = "<group>"; };
		A26FFDFD1B09E8A50040DDF8 /* Happy Number.h */ = {isa = PBXFileReference; lastKnownFileType = sourcecode.c.h; path = "Happy Number.h"; sourceTree = "<group>"; };
		A26FFDFE1B0A52CE0040DDF8 /* Remove Linked List Elements.h */ = {isa = PBXFileReference; lastKnownFileType = sourcecode.c.h; path = "Remove Linked List Elements.h"; sourceTree = "<group>"; };
		A26FFDFF1B0AA6350040DDF8 /* Count Primes.h */ = {isa = PBXFileReference; lastKnownFileType = sourcecode.c.h; path = "Count Primes.h"; sourceTree = "<group>"; };
		A26FFE001B0ABEB20040DDF8 /* Isomorphic Strings.h */ = {isa = PBXFileReference; lastKnownFileType = sourcecode.c.h; path = "Isomorphic Strings.h"; sourceTree = "<group>"; };
		A26FFE011B0AC3620040DDF8 /* Reverse Linked List .h */ = {isa = PBXFileReference; lastKnownFileType = sourcecode.c.h; path = "Reverse Linked List .h"; sourceTree = "<group>"; };
		A26FFE021B0BB56F0040DDF8 /* Course Schedule.h */ = {isa = PBXFileReference; lastKnownFileType = sourcecode.c.h; path = "Course Schedule.h"; sourceTree = "<group>"; };
		A26FFE031B0C03750040DDF8 /* Implement Trie (Prefix Tree).h */ = {isa = PBXFileReference; lastKnownFileType = sourcecode.c.h; path = "Implement Trie (Prefix Tree).h"; sourceTree = "<group>"; };
		A26FFE041B0C11FE0040DDF8 /* Minimum Size Subarray Sum.h */ = {isa = PBXFileReference; lastKnownFileType = sourcecode.c.h; path = "Minimum Size Subarray Sum.h"; sourceTree = "<group>"; };
		A26FFE051B0C346C0040DDF8 /* Course Schedule II.h */ = {isa = PBXFileReference; lastKnownFileType = sourcecode.c.h; path = "Course Schedule II.h"; sourceTree = "<group>"; };
		A26FFE061B0C44630040DDF8 /* Add and Search Word - Data structure design.h */ = {isa = PBXFileReference; lastKnownFileType = sourcecode.c.h; path = "Add and Search Word - Data structure design.h"; sourceTree = "<group>"; };
		A26FFE071B0C51320040DDF8 /* Word Search II.h */ = {isa = PBXFileReference; lastKnownFileType = sourcecode.c.h; path = "Word Search II.h"; sourceTree = "<group>"; };
		A26FFE081B0D11EA0040DDF8 /* House Robber II.h */ = {isa = PBXFileReference; lastKnownFileType = sourcecode.c.h; path = "House Robber II.h"; sourceTree = "<group>"; };
		A2719BA11A53FAAB00C6A613 /* Excel Sheet Column Title.h */ = {isa = PBXFileReference; lastKnownFileType = sourcecode.c.h; path = "Excel Sheet Column Title.h"; sourceTree = "<group>"; };
		A2719BA21A53FC1500C6A613 /* Excel Sheet Column Number.h */ = {isa = PBXFileReference; lastKnownFileType = sourcecode.c.h; path = "Excel Sheet Column Number.h"; sourceTree = "<group>"; };
		A2719BA31A54058C00C6A613 /* Binary Search Tree Iterator.h */ = {isa = PBXFileReference; lastKnownFileType = sourcecode.c.h; path = "Binary Search Tree Iterator.h"; sourceTree = "<group>"; };
		A2719BA61A5479FD00C6A613 /* Factorial Trailing Zeroes.h */ = {isa = PBXFileReference; lastKnownFileType = sourcecode.c.h; path = "Factorial Trailing Zeroes.h"; sourceTree = "<group>"; };
		A27DBDC41A14075200495CAF /* Plus One.h */ = {isa = PBXFileReference; lastKnownFileType = sourcecode.c.h; path = "Plus One.h"; sourceTree = "<group>"; };
		A27DBDC51A14183C00495CAF /* Min Stack.h */ = {isa = PBXFileReference; lastKnownFileType = sourcecode.c.h; path = "Min Stack.h"; sourceTree = "<group>"; };
		A28449231A575447008ECB92 /* N-Queens.h */ = {isa = PBXFileReference; lastKnownFileType = sourcecode.c.h; path = "N-Queens.h"; sourceTree = "<group>"; };
		A28449241A5778B4008ECB92 /* N-Queens II.h */ = {isa = PBXFileReference; lastKnownFileType = sourcecode.c.h; path = "N-Queens II.h"; sourceTree = "<group>"; };
		A2930E7A1A41537F0094B31E /* Compare Version Numbers.h */ = {isa = PBXFileReference; lastKnownFileType = sourcecode.c.h; path = "Compare Version Numbers.h"; sourceTree = "<group>"; };
		A2930E7B1A416F950094B31E /* Fraction to Recurring Decimal.h */ = {isa = PBXFileReference; lastKnownFileType = sourcecode.c.h; path = "Fraction to Recurring Decimal.h"; sourceTree = "<group>"; };
		A2930E7C1A4244D40094B31E /* Palindrome Number.h */ = {isa = PBXFileReference; lastKnownFileType = sourcecode.c.h; path = "Palindrome Number.h"; sourceTree = "<group>"; };
		A2930E7D1A426B1E0094B31E /* Next Permutation.h */ = {isa = PBXFileReference; lastKnownFileType = sourcecode.c.h; path = "Next Permutation.h"; sourceTree = "<group>"; };
		A2930E7E1A426EAD0094B31E /* Count and Say.h */ = {isa = PBXFileReference; lastKnownFileType = sourcecode.c.h; path = "Count and Say.h"; sourceTree = "<group>"; };
		A2930E7F1A4274130094B31E /* Sort List.h */ = {isa = PBXFileReference; lastKnownFileType = sourcecode.c.h; path = "Sort List.h"; sourceTree = "<group>"; };
		A2930E801A42790B0094B31E /* Insertion Sort List.h */ = {isa = PBXFileReference; lastKnownFileType = sourcecode.c.h; path = "Insertion Sort List.h"; sourceTree = "<group>"; };
		A2A614BD1A3BEC27004CB131 /* Regular Expression Matching.h */ = {isa = PBXFileReference; lastKnownFileType = sourcecode.c.h; path = "Regular Expression Matching.h"; sourceTree = "<group>"; };
		A2A614C11A3D27A8004CB131 /* Wildcard Matching.h */ = {isa = PBXFileReference; lastKnownFileType = sourcecode.c.h; path = "Wildcard Matching.h"; sourceTree = "<group>"; };
		A2AA98521A19CFB2001ADE46 /* Longest Valid Parentheses.h */ = {isa = PBXFileReference; lastKnownFileType = sourcecode.c.h; path = "Longest Valid Parentheses.h"; sourceTree = "<group>"; };
		A2B7CF641A2FD47800472241 /* Word Ladder.h */ = {isa = PBXFileReference; lastKnownFileType = sourcecode.c.h; path = "Word Ladder.h"; sourceTree = "<group>"; };
		A2B7CF651A301A7300472241 /* Word Ladder II.h */ = {isa = PBXFileReference; lastKnownFileType = sourcecode.c.h; path = "Word Ladder II.h"; sourceTree = "<group>"; };
		A2B7F5901A2585CC000DE070 /* Combination Sum.h */ = {isa = PBXFileReference; lastKnownFileType = sourcecode.c.h; path = "Combination Sum.h"; sourceTree = "<group>"; };
		A2B7F5911A2585E7000DE070 /* Combination Sum II.h */ = {isa = PBXFileReference; lastKnownFileType = sourcecode.c.h; path = "Combination Sum II.h"; sourceTree = "<group>"; };
		A2B7F5921A258BB2000DE070 /* Clone Graph.h */ = {isa = PBXFileReference; lastKnownFileType = sourcecode.c.h; path = "Clone Graph.h"; sourceTree = "<group>"; };
		A2C0C9BA1A3EE1D800C15F48 /* Evaluate Reverse Polish Notation.h */ = {isa = PBXFileReference; lastKnownFileType = sourcecode.c.h; path = "Evaluate Reverse Polish Notation.h"; sourceTree = "<group>"; };
		A2C248FD1A3E7BB800A5DC03 /* Maximum Gap.h */ = {isa = PBXFileReference; lastKnownFileType = sourcecode.c.h; path = "Maximum Gap.h"; sourceTree = "<group>"; };
		A2C7783D1A12D8410097C2D0 /* Sudoku Solver.h */ = {isa = PBXFileReference; lastKnownFileType = sourcecode.c.h; path = "Sudoku Solver.h"; sourceTree = "<group>"; };
		A2D42F1719FEC6ED0098F93B /* leetcodeInXcode */ = {isa = PBXFileReference; explicitFileType = "compiled.mach-o.executable"; includeInIndex = 0; path = leetcodeInXcode; sourceTree = BUILT_PRODUCTS_DIR; };
		A2D42F1A19FEC6ED0098F93B /* main.cpp */ = {isa = PBXFileReference; lastKnownFileType = sourcecode.cpp.cpp; path = main.cpp; sourceTree = "<group>"; };
		A2E8ECD41A209316005C80FC /* Substring with Concatenation of All Words.h */ = {isa = PBXFileReference; lastKnownFileType = sourcecode.c.h; path = "Substring with Concatenation of All Words.h"; sourceTree = "<group>"; };
		A2F4C3C81A3A54D800D30458 /* Surrounded Regions.h */ = {isa = PBXFileReference; lastKnownFileType = sourcecode.c.h; path = "Surrounded Regions.h"; sourceTree = "<group>"; };
/* End PBXFileReference section */

/* Begin PBXFrameworksBuildPhase section */
		A2D42F1419FEC6ED0098F93B /* Frameworks */ = {
			isa = PBXFrameworksBuildPhase;
			buildActionMask = 2147483647;
			files = (
			);
			runOnlyForDeploymentPostprocessing = 0;
		};
/* End PBXFrameworksBuildPhase section */

/* Begin PBXGroup section */
		A21A79D41B1A4C4100BDD366 /* lintcode */ = {
			isa = PBXGroup;
			children = (
				A21A79D61B1A4CAC00BDD366 /* Longest Increasing Continuous subsequence II.h */,
				A21A79D71B1A4CD800BDD366 /* Longest Increasing Continuous subsequence.h */,
				A21A79D81B1A53ED00BDD366 /* Partition Array by Odd and Even.h */,
				A21A79D91B1A5BFB00BDD366 /* Subtree.h */,
				A21A79DA1B1A5D9400BDD366 /* Coins in a Line.h */,
				A21A79DB1B1A6C6C00BDD366 /* Coins in a Line II.h */,
				A21A79DC1B1A893D00BDD366 /* Coins in a Line III.h */,
				A21A79DD1B1A978C00BDD366 /* Triangle Count.h */,
				A21A79DE1B1AE50000BDD366 /* Assignment Operator Overloading.h */,
				A21A79DF1B1BA93800BDD366 /* The Smallest Difference.h */,
				A21A79E01B1C235500BDD366 /* Longest Substring with At Most K Distinct Characters.h */,
				A21A79E11B1C2A5200BDD366 /* Segment Tree Build.h */,
				A21A79E21B1C2E6A00BDD366 /* Segment Tree Query.h */,
				A21A79E31B1C34E800BDD366 /* Segment Tree Modify.h */,
				A21A79E41B1C3A1E00BDD366 /* Segment Tree Query II.h */,
				A21A79E51B1C404A00BDD366 /* Count of Smaller Number before itself.h */,
				A263853D1B1D73D0008027DB /* Convert Sorted Array to Binary Search Tree With Minimal Height.h */,
				A263853E1B1E5824008027DB /* Delete Digits.h */,
				A263853F1B1E6ABF008027DB /* Route Between Two Nodes in Graph.h */,
				A26385401B1E6F70008027DB /* Minimum Depth of Binary Tree.h */,
				A26385411B1E9E5E008027DB /* Interleaving Positive and Negative Numbers.h */,
				A26385421B1EB887008027DB /* Subarray Sum Closest.h */,
				A26385431B1EBB57008027DB /* Subarray Sum.h */,
			);
			name = lintcode;
			path = Solution;
			sourceTree = "<group>";
		};
		A21A79D51B1A4C5600BDD366 /* other */ = {
			isa = PBXGroup;
			children = (
				A21D7E721B14F227006CCB2A /* tenary.h */,
			);
			name = other;
			sourceTree = "<group>";
		};
		A22066801A01F29D00ED6341 /* header */ = {
			isa = PBXGroup;
			children = (
				A22066811A01F29D00ED6341 /* Algorithm.h */,
				A22066821A01F29D00ED6341 /* Container.h */,
				A22066831A01F29D00ED6341 /* InputOutput.h */,
				A22066841A01F29D00ED6341 /* Numerics.h */,
			);
			path = header;
			sourceTree = "<group>";
		};
		A22066881A01F2C900ED6341 /* leetcode */ = {
			isa = PBXGroup;
			children = (
				A25D26821A89B38600ED7918 /* 3Sum Closest.h */,
				A20B52891A153F9800126095 /* 3Sum.h */,
				A23BABAE1A1724D60022740A /* 4Sum.h */,
				A26FFE061B0C44630040DDF8 /* Add and Search Word - Data structure design.h */,
				A22193611A932DEE0045E51D /* Add Binary.h */,
				A22D3E351A284E36007E4528 /* Best Time to Buy and Sell Stock II.h */,
				A22D3E361A287B8C007E4528 /* Best Time to Buy and Sell Stock III.h */,
				A22D3E341A284C8F007E4528 /* Best Time to Buy and Sell Stock.h */,
				A2719BA31A54058C00C6A613 /* Binary Search Tree Iterator.h */,
				A23ABB2B1A3AC0410015BDA0 /* Binary Tree Level Order Traversal II.h */,
				A25F45721A0B611000E713AB /* Binary Tree Maximum Path Sum.h */,
				A25F45731A0B611000E713AB /* Binary Tree Postorder Traversal.h */,
				A22D3E371A287D50007E4528 /* Binary Tree Preorder Traversal.h */,
				A26FFDFA1B09D1060040DDF8 /* Binary Tree Right Side View.h */,
				A26FFDFC1B09E0FD0040DDF8 /* Bitwise AND of Numbers Range.h */,
				A25F45741A0B611000E713AB /* candy.h */,
				A2B7F5921A258BB2000DE070 /* Clone Graph.h */,
				A2B7F5911A2585E7000DE070 /* Combination Sum II.h */,
				A21D7E711B13F820006CCB2A /* Combination Sum III.h */,
				A2B7F5901A2585CC000DE070 /* Combination Sum.h */,
				A2930E7A1A41537F0094B31E /* Compare Version Numbers.h */,
				A212C81A1A455FF60058F9BC /* Construct Binary Tree from Inorder and Postorder Traversal.h */,
				A212C8191A45589C0058F9BC /* Construct Binary Tree from Preorder and Inorder Traversal.h */,
				A23BA5781A1C68B200F69AD5 /* Container With Most Water.h */,
				A26E0F971A23026100B02EAB /* Convert Sorted List to Binary Search Tree.h */,
				A2930E7E1A426EAD0094B31E /* Count and Say.h */,
				A26FFDFF1B0AA6350040DDF8 /* Count Primes.h */,
				A26FFE051B0C346C0040DDF8 /* Course Schedule II.h */,
				A26FFE021B0BB56F0040DDF8 /* Course Schedule.h */,
				A208989F1A5930E4000F998F /* Decode Ways.h */,
				A25F456D1A0B611000E713AB /* Distinct Subsequences.h */,
				A23A7C001A69D85500CA25AA /* Dungeon Game.h */,
				A2C0C9BA1A3EE1D800C15F48 /* Evaluate Reverse Polish Notation.h */,
				A2719BA21A53FC1500C6A613 /* Excel Sheet Column Number.h */,
				A2719BA11A53FAAB00C6A613 /* Excel Sheet Column Title.h */,
				A2719BA61A5479FD00C6A613 /* Factorial Trailing Zeroes.h */,
				A23ABB2C1A3AC9E00015BDA0 /* Find Peak Element.h */,
				A24A36BA1A1099820018B741 /* First Missing Positive.h */,
				A2930E7B1A416F950094B31E /* Fraction to Recurring Decimal.h */,
				A26F4DB91A3F9FDB00DC45B2 /* Gas Station.h */,
				A25D26861A8AF1AB00ED7918 /* Generate Parentheses.h */,
				A26FFDFD1B09E8A50040DDF8 /* Happy Number.h */,
				A26FFE081B0D11EA0040DDF8 /* House Robber II.h */,
				A26FFDF91B09CBEA0040DDF8 /* House Robber.h */,
				A24676971A8BEF990000E440 /* Implement strStr().h */,
				A26FFE031B0C03750040DDF8 /* Implement Trie (Prefix Tree).h */,
				A24A36B71A1021D20018B741 /* Insert Interval.h */,
				A2930E801A42790B0094B31E /* Insertion Sort List.h */,
				A25F45751A0B611000E713AB /* Interleaving String.h */,
				A2525AC81A2B0D470043A528 /* Intersection of Two Linked Lists.h */,
				A26FFE001B0ABEB20040DDF8 /* Isomorphic Strings.h */,
				A209681E1A9057AF00B2AFFB /* Jump Game II.h */,
				A221935D1A92E5640045E51D /* Jump Game.h */,
				A23E56AA1A6F7B6700ABB24C /* Largest Number.h */,
				A25F456E1A0B611000E713AB /* Largest Rectangle in Histogram.h */,
				A221935E1A92F0BA0045E51D /* Length of Last Word.h */,
				A25D26831A89C39E00ED7918 /* Letter Combinations of a Phone Number.h */,
				A25F45761A0B611000E713AB /* Longest Consecutive Sequence.h */,
				A26F4DBC1A3FC3FF00DC45B2 /* Longest Palindromic Substring.h */,
				A26F4DBE1A3FE65600DC45B2 /* Longest Substring Without Repeating Characters.h */,
				A2AA98521A19CFB2001ADE46 /* Longest Valid Parentheses.h */,
				A224A7AA1A4953DA005A5086 /* Majority Element.h */,
				A25F456F1A0B611000E713AB /* Maximal Rectangle.h */,
				A2C248FD1A3E7BB800A5DC03 /* Maximum Gap.h */,
				A26F4DB81A3F7BDA00DC45B2 /* Maximum Product Subarray.h */,
				A25F45771A0B611000E713AB /* Maximum Subarray.h */,
				A24A36B81A103A330018B741 /* Merge Intervals.h */,
				A25D26851A8AEEF800ED7918 /* Merge Two Sorted Lists.h */,
				A27DBDC51A14183C00495CAF /* Min Stack.h */,
				A26FFE041B0C11FE0040DDF8 /* Minimum Size Subarray Sum.h */,
				A25F45701A0B611000E713AB /* Minimum Window Substring.h */,
				A28449241A5778B4008ECB92 /* N-Queens II.h */,
				A28449231A575447008ECB92 /* N-Queens.h */,
				A2930E7D1A426B1E0094B31E /* Next Permutation.h */,
				A26FFDFB1B09D7930040DDF8 /* Number of Islands.h */,
				A2930E7C1A4244D40094B31E /* Palindrome Number.h */,
				A26F4DBA1A3FAF1100DC45B2 /* Pascal's Triangle II.h */,
				A26E0F961A22D81D00B02EAB /* Path Sum II.h */,
				A26F4DBD1A3FDE3700DC45B2 /* Path Sum.h */,
				A26E0F981A23102700B02EAB /* Permutation Sequence.h */,
				A27DBDC41A14075200495CAF /* Plus One.h */,
				A25F45781A0B611000E713AB /* Populating Next Right Pointers in Each Node II.h */,
				A25F45791A0B611000E713AB /* Populating Next Right Pointers in Each Node.h */,
				A25F457A1A0B611000E713AB /* Recover Binary Search Tree.h */,
				A2A614BD1A3BEC27004CB131 /* Regular Expression Matching.h */,
				A24676961A8BE9530000E440 /* Remove Duplicates from Sorted Array.h */,
				A26FFDFE1B0A52CE0040DDF8 /* Remove Linked List Elements.h */,
				A25D26841A8AE95E00ED7918 /* Remove Nth Node From End of List.h */,
				A23F083F1A18AB1B001CCD7F /* Reorder List.h */,
				A26FFDF61B07AF900040DDF8 /* Repeated DNA Sequences.h */,
				A26FFDF81B09C1160040DDF8 /* Reverse Bits.h */,
				A26FFE011B0AC3620040DDF8 /* Reverse Linked List .h */,
				A23F86CE1A339AE8008C297D /* Reverse Linked List II.h */,
				A24A36B91A10874B0018B741 /* Reverse Words in a String.h */,
				A26FFDF71B083CB70040DDF8 /* Rotate Array.h */,
				A22D3E381A288208007E4528 /* Rotate Image.h */,
				A221935F1A930A6A0045E51D /* Rotate List.h */,
				A25F45711A0B611000E713AB /* Scramble String.h */,
				A209681B1A8F4ECD00B2AFFB /* Search for a Range.h */,
				A23A10101A9435020006068B /* Search in Rotated Sorted Array II.h */,
				A209681A1A8ECD3600B2AFFB /* Search in Rotated Sorted Array.h */,
				A209681C1A8FDCBD00B2AFFB /* Search Insert Position.h */,
				A21D7E701B13C1AF006CCB2A /* Shortest Palindrome.h */,
				A26F4DBB1A3FB7BC00DC45B2 /* Simplify Path.h */,
				A23F86D01A342C44008C297D /* Single Number II.h */,
				A23A100F1A9340DE0006068B /* Sort Colors.h */,
				A2930E7F1A4274130094B31E /* Sort List.h */,
				A22D3E331A28484D007E4528 /* Spiral Matrix II.h */,
				A23F86CF1A33F67F008C297D /* Subsets II.h */,
				A2E8ECD41A209316005C80FC /* Substring with Concatenation of All Words.h */,
				A2C7783D1A12D8410097C2D0 /* Sudoku Solver.h */,
				A2F4C3C81A3A54D800D30458 /* Surrounded Regions.h */,
				A21A31971A0C0CAB00CD41D8 /* Text Justification.h */,
				A209681D1A90429700B2AFFB /* Trapping Rain Water.h */,
				A22D3E321A27FC53007E4528 /* Unique Binary Search Trees II.h */,
				A22D3E311A27EF4B007E4528 /* Unique Binary Search Trees.h */,
				A22193601A931D520045E51D /* Unique Paths II.h */,
				A2A614C11A3D27A8004CB131 /* Wildcard Matching.h */,
				A2B7CF651A301A7300472241 /* Word Ladder II.h */,
				A2B7CF641A2FD47800472241 /* Word Ladder.h */,
				A26FFE071B0C51320040DDF8 /* Word Search II.h */,
				A22D3E301A27E6D6007E4528 /* ZigZag Conversion.h */,
			);
			name = leetcode;
			path = Solution;
			sourceTree = "<group>";
		};
		A2D42F0E19FEC6ED0098F93B = {
			isa = PBXGroup;
			children = (
				A2D42F1919FEC6ED0098F93B /* leetcodeInXcode */,
				A2D42F1819FEC6ED0098F93B /* Products */,
			);
			sourceTree = "<group>";
		};
		A2D42F1819FEC6ED0098F93B /* Products */ = {
			isa = PBXGroup;
			children = (
				A2D42F1719FEC6ED0098F93B /* leetcodeInXcode */,
			);
			name = Products;
			sourceTree = "<group>";
		};
		A2D42F1919FEC6ED0098F93B /* leetcodeInXcode */ = {
			isa = PBXGroup;
			children = (
				A2D42F1A19FEC6ED0098F93B /* main.cpp */,
				A232651D1A01D99E007F6C77 /* Prefix.pch */,
				A21A79D51B1A4C5600BDD366 /* other */,
				A21A79D41B1A4C4100BDD366 /* lintcode */,
				A22066881A01F2C900ED6341 /* leetcode */,
				A22066801A01F29D00ED6341 /* header */,
			);
			path = leetcodeInXcode;
			sourceTree = "<group>";
		};
/* End PBXGroup section */

/* Begin PBXNativeTarget section */
		A2D42F1619FEC6ED0098F93B /* leetcodeInXcode */ = {
			isa = PBXNativeTarget;
			buildConfigurationList = A2D42F1E19FEC6ED0098F93B /* Build configuration list for PBXNativeTarget "leetcodeInXcode" */;
			buildPhases = (
				A2D42F1319FEC6ED0098F93B /* Sources */,
				A2D42F1419FEC6ED0098F93B /* Frameworks */,
				A2D42F1519FEC6ED0098F93B /* CopyFiles */,
			);
			buildRules = (
			);
			dependencies = (
			);
			name = leetcodeInXcode;
			productName = leetcodeInXcode;
			productReference = A2D42F1719FEC6ED0098F93B /* leetcodeInXcode */;
			productType = "com.apple.product-type.tool";
		};
/* End PBXNativeTarget section */

/* Begin PBXProject section */
		A2D42F0F19FEC6ED0098F93B /* Project object */ = {
			isa = PBXProject;
			attributes = {
				LastUpgradeCheck = 0610;
				ORGANIZATIONNAME = edu.self;
				TargetAttributes = {
					A2D42F1619FEC6ED0098F93B = {
						CreatedOnToolsVersion = 6.1;
					};
				};
			};
			buildConfigurationList = A2D42F1219FEC6ED0098F93B /* Build configuration list for PBXProject "leetcodeInXcode" */;
			compatibilityVersion = "Xcode 3.2";
			developmentRegion = English;
			hasScannedForEncodings = 0;
			knownRegions = (
				en,
			);
			mainGroup = A2D42F0E19FEC6ED0098F93B;
			productRefGroup = A2D42F1819FEC6ED0098F93B /* Products */;
			projectDirPath = "";
			projectRoot = "";
			targets = (
				A2D42F1619FEC6ED0098F93B /* leetcodeInXcode */,
			);
		};
/* End PBXProject section */

/* Begin PBXSourcesBuildPhase section */
		A2D42F1319FEC6ED0098F93B /* Sources */ = {
			isa = PBXSourcesBuildPhase;
			buildActionMask = 2147483647;
			files = (
				A2D42F1B19FEC6ED0098F93B /* main.cpp in Sources */,
			);
			runOnlyForDeploymentPostprocessing = 0;
		};
/* End PBXSourcesBuildPhase section */

/* Begin XCBuildConfiguration section */
		A2D42F1C19FEC6ED0098F93B /* Debug */ = {
			isa = XCBuildConfiguration;
			buildSettings = {
				ALWAYS_SEARCH_USER_PATHS = NO;
				CLANG_CXX_LANGUAGE_STANDARD = "gnu++0x";
				CLANG_CXX_LIBRARY = "libc++";
				CLANG_ENABLE_MODULES = YES;
				CLANG_ENABLE_OBJC_ARC = YES;
				CLANG_WARN_BOOL_CONVERSION = YES;
				CLANG_WARN_CONSTANT_CONVERSION = YES;
				CLANG_WARN_DIRECT_OBJC_ISA_USAGE = YES_ERROR;
				CLANG_WARN_EMPTY_BODY = YES;
				CLANG_WARN_ENUM_CONVERSION = YES;
				CLANG_WARN_INT_CONVERSION = YES;
				CLANG_WARN_OBJC_ROOT_CLASS = YES_ERROR;
				CLANG_WARN_UNREACHABLE_CODE = YES;
				CLANG_WARN__DUPLICATE_METHOD_MATCH = YES;
				COPY_PHASE_STRIP = NO;
				ENABLE_STRICT_OBJC_MSGSEND = YES;
				GCC_C_LANGUAGE_STANDARD = gnu99;
				GCC_DYNAMIC_NO_PIC = NO;
				GCC_OPTIMIZATION_LEVEL = 0;
				GCC_PREPROCESSOR_DEFINITIONS = (
					"DEBUG=1",
					"$(inherited)",
				);
				GCC_SYMBOLS_PRIVATE_EXTERN = NO;
				GCC_WARN_64_TO_32_BIT_CONVERSION = YES;
				GCC_WARN_ABOUT_RETURN_TYPE = YES_ERROR;
				GCC_WARN_UNDECLARED_SELECTOR = YES;
				GCC_WARN_UNINITIALIZED_AUTOS = YES_AGGRESSIVE;
				GCC_WARN_UNUSED_FUNCTION = YES;
				GCC_WARN_UNUSED_VARIABLE = YES;
				MACOSX_DEPLOYMENT_TARGET = 10.10;
				MTL_ENABLE_DEBUG_INFO = YES;
				ONLY_ACTIVE_ARCH = YES;
				SDKROOT = macosx;
			};
			name = Debug;
		};
		A2D42F1D19FEC6ED0098F93B /* Release */ = {
			isa = XCBuildConfiguration;
			buildSettings = {
				ALWAYS_SEARCH_USER_PATHS = NO;
				CLANG_CXX_LANGUAGE_STANDARD = "gnu++0x";
				CLANG_CXX_LIBRARY = "libc++";
				CLANG_ENABLE_MODULES = YES;
				CLANG_ENABLE_OBJC_ARC = YES;
				CLANG_WARN_BOOL_CONVERSION = YES;
				CLANG_WARN_CONSTANT_CONVERSION = YES;
				CLANG_WARN_DIRECT_OBJC_ISA_USAGE = YES_ERROR;
				CLANG_WARN_EMPTY_BODY = YES;
				CLANG_WARN_ENUM_CONVERSION = YES;
				CLANG_WARN_INT_CONVERSION = YES;
				CLANG_WARN_OBJC_ROOT_CLASS = YES_ERROR;
				CLANG_WARN_UNREACHABLE_CODE = YES;
				CLANG_WARN__DUPLICATE_METHOD_MATCH = YES;
				COPY_PHASE_STRIP = YES;
				DEBUG_INFORMATION_FORMAT = "dwarf-with-dsym";
				ENABLE_NS_ASSERTIONS = NO;
				ENABLE_STRICT_OBJC_MSGSEND = YES;
				GCC_C_LANGUAGE_STANDARD = gnu99;
				GCC_WARN_64_TO_32_BIT_CONVERSION = YES;
				GCC_WARN_ABOUT_RETURN_TYPE = YES_ERROR;
				GCC_WARN_UNDECLARED_SELECTOR = YES;
				GCC_WARN_UNINITIALIZED_AUTOS = YES_AGGRESSIVE;
				GCC_WARN_UNUSED_FUNCTION = YES;
				GCC_WARN_UNUSED_VARIABLE = YES;
				MACOSX_DEPLOYMENT_TARGET = 10.10;
				MTL_ENABLE_DEBUG_INFO = NO;
				SDKROOT = macosx;
			};
			name = Release;
		};
		A2D42F1F19FEC6ED0098F93B /* Debug */ = {
			isa = XCBuildConfiguration;
			buildSettings = {
				GCC_PRECOMPILE_PREFIX_HEADER = YES;
				GCC_PREFIX_HEADER = leetcodeInXcode/Prefix.pch;
				HEADER_SEARCH_PATHS = (
					"$(inherited)",
					/Applications/Xcode.app/Contents/Developer/Toolchains/XcodeDefault.xctoolchain/usr/include,
					leetcodeInXcode/Solution/,
				);
				PRODUCT_NAME = "$(TARGET_NAME)";
			};
			name = Debug;
		};
		A2D42F2019FEC6ED0098F93B /* Release */ = {
			isa = XCBuildConfiguration;
			buildSettings = {
				GCC_PRECOMPILE_PREFIX_HEADER = YES;
				GCC_PREFIX_HEADER = leetcodeInXcode/Prefix.pch;
				HEADER_SEARCH_PATHS = (
					"$(inherited)",
					/Applications/Xcode.app/Contents/Developer/Toolchains/XcodeDefault.xctoolchain/usr/include,
					leetcodeInXcode/Solution/,
				);
				PRODUCT_NAME = "$(TARGET_NAME)";
			};
			name = Release;
		};
/* End XCBuildConfiguration section */

/* Begin XCConfigurationList section */
		A2D42F1219FEC6ED0098F93B /* Build configuration list for PBXProject "leetcodeInXcode" */ = {
			isa = XCConfigurationList;
			buildConfigurations = (
				A2D42F1C19FEC6ED0098F93B /* Debug */,
				A2D42F1D19FEC6ED0098F93B /* Release */,
			);
			defaultConfigurationIsVisible = 0;
			defaultConfigurationName = Release;
		};
		A2D42F1E19FEC6ED0098F93B /* Build configuration list for PBXNativeTarget "leetcodeInXcode" */ = {
			isa = XCConfigurationList;
			buildConfigurations = (
				A2D42F1F19FEC6ED0098F93B /* Debug */,
				A2D42F2019FEC6ED0098F93B /* Release */,
			);
			defaultConfigurationIsVisible = 0;
			defaultConfigurationName = Release;
		};
/* End XCConfigurationList section */
	};
	rootObject = A2D42F0F19FEC6ED0098F93B /* Project object */;
}
