// !$*UTF8*$!
{
	archiveVersion = 1;
	classes = {
	};
	objectVersion = 46;
	objects = {

/* Begin PBXBuildFile section */
		A2D42F1B19FEC6ED0098F93B /* main.cpp in Sources */ = {isa = PBXBuildFile; fileRef = A2D42F1A19FEC6ED0098F93B /* main.cpp */; };
/* End PBXBuildFile section */

/* Begin PBXCopyFilesBuildPhase section */
		A2D42F1519FEC6ED0098F93B /* CopyFiles */ = {
			isa = PBXCopyFilesBuildPhase;
			buildActionMask = 2147483647;
			dstPath = /usr/share/man/man1/;
			dstSubfolderSpec = 0;
			files = (
			);
			runOnlyForDeploymentPostprocessing = 1;
		};
/* End PBXCopyFilesBuildPhase section */

/* Begin PBXFileReference section */
		A20B52891A153F9800126095 /* 3Sum.h */ = {isa = PBXFileReference; lastKnownFileType = sourcecode.c.h; path = 3Sum.h; sourceTree = "<group>"; };
		A21A31971A0C0CAB00CD41D8 /* Text Justification.h */ = {isa = PBXFileReference; lastKnownFileType = sourcecode.c.h; path = "Text Justification.h"; sourceTree = "<group>"; };
		A22066811A01F29D00ED6341 /* Algorithm.h */ = {isa = PBXFileReference; lastKnownFileType = sourcecode.c.h; path = Algorithm.h; sourceTree = "<group>"; };
		A22066821A01F29D00ED6341 /* Container.h */ = {isa = PBXFileReference; lastKnownFileType = sourcecode.c.h; path = Container.h; sourceTree = "<group>"; };
		A22066831A01F29D00ED6341 /* InputOutput.h */ = {isa = PBXFileReference; lastKnownFileType = sourcecode.c.h; path = InputOutput.h; sourceTree = "<group>"; };
		A22066841A01F29D00ED6341 /* Numerics.h */ = {isa = PBXFileReference; lastKnownFileType = sourcecode.c.h; path = Numerics.h; sourceTree = "<group>"; };
		A22D3E301A27E6D6007E4528 /* ZigZag Conversion.h */ = {isa = PBXFileReference; lastKnownFileType = sourcecode.c.h; path = "ZigZag Conversion.h"; sourceTree = "<group>"; };
		A22D3E311A27EF4B007E4528 /* Unique Binary Search Trees.h */ = {isa = PBXFileReference; lastKnownFileType = sourcecode.c.h; path = "Unique Binary Search Trees.h"; sourceTree = "<group>"; };
		A22D3E321A27FC53007E4528 /* Unique Binary Search Trees II.h */ = {isa = PBXFileReference; lastKnownFileType = sourcecode.c.h; path = "Unique Binary Search Trees II.h"; sourceTree = "<group>"; };
		A22D3E331A28484D007E4528 /* Spiral Matrix II.h */ = {isa = PBXFileReference; lastKnownFileType = sourcecode.c.h; path = "Spiral Matrix II.h"; sourceTree = "<group>"; };
		A22D3E341A284C8F007E4528 /* Best Time to Buy and Sell Stock.h */ = {isa = PBXFileReference; lastKnownFileType = sourcecode.c.h; path = "Best Time to Buy and Sell Stock.h"; sourceTree = "<group>"; };
		A22D3E351A284E36007E4528 /* Best Time to Buy and Sell Stock II.h */ = {isa = PBXFileReference; lastKnownFileType = sourcecode.c.h; path = "Best Time to Buy and Sell Stock II.h"; sourceTree = "<group>"; };
		A22D3E361A287B8C007E4528 /* Best Time to Buy and Sell Stock III.h */ = {isa = PBXFileReference; lastKnownFileType = sourcecode.c.h; path = "Best Time to Buy and Sell Stock III.h"; sourceTree = "<group>"; };
		A22D3E371A287D50007E4528 /* Binary Tree Preorder Traversal.h */ = {isa = PBXFileReference; lastKnownFileType = sourcecode.c.h; path = "Binary Tree Preorder Traversal.h"; sourceTree = "<group>"; };
		A22D3E381A288208007E4528 /* Rotate Image.h */ = {isa = PBXFileReference; lastKnownFileType = sourcecode.c.h; path = "Rotate Image.h"; sourceTree = "<group>"; };
		A232651D1A01D99E007F6C77 /* Prefix.pch */ = {isa = PBXFileReference; lastKnownFileType = sourcecode.c.h; path = Prefix.pch; sourceTree = "<group>"; };
		A23ABB2B1A3AC0410015BDA0 /* Binary Tree Level Order Traversal II.h */ = {isa = PBXFileReference; lastKnownFileType = sourcecode.c.h; path = "Binary Tree Level Order Traversal II.h"; sourceTree = "<group>"; };
		A23ABB2C1A3AC9E00015BDA0 /* Find Peak Element.h */ = {isa = PBXFileReference; lastKnownFileType = sourcecode.c.h; path = "Find Peak Element.h"; sourceTree = "<group>"; };
		A23BA5781A1C68B200F69AD5 /* Container With Most Water.h */ = {isa = PBXFileReference; lastKnownFileType = sourcecode.c.h; path = "Container With Most Water.h"; sourceTree = "<group>"; };
		A23BABAE1A1724D60022740A /* 4Sum.h */ = {isa = PBXFileReference; lastKnownFileType = sourcecode.c.h; path = 4Sum.h; sourceTree = "<group>"; };
		A23F083F1A18AB1B001CCD7F /* Reorder List.h */ = {isa = PBXFileReference; lastKnownFileType = sourcecode.c.h; path = "Reorder List.h"; sourceTree = "<group>"; };
		A23F86CE1A339AE8008C297D /* Reverse Linked List II.h */ = {isa = PBXFileReference; lastKnownFileType = sourcecode.c.h; path = "Reverse Linked List II.h"; sourceTree = "<group>"; };
		A23F86CF1A33F67F008C297D /* Subsets II.h */ = {isa = PBXFileReference; lastKnownFileType = sourcecode.c.h; path = "Subsets II.h"; sourceTree = "<group>"; };
		A23F86D01A342C44008C297D /* Single Number II.h */ = {isa = PBXFileReference; lastKnownFileType = sourcecode.c.h; path = "Single Number II.h"; sourceTree = "<group>"; };
		A24A36B71A1021D20018B741 /* Insert Interval.h */ = {isa = PBXFileReference; lastKnownFileType = sourcecode.c.h; path = "Insert Interval.h"; sourceTree = "<group>"; };
		A24A36B81A103A330018B741 /* Merge Intervals.h */ = {isa = PBXFileReference; lastKnownFileType = sourcecode.c.h; path = "Merge Intervals.h"; sourceTree = "<group>"; };
		A24A36B91A10874B0018B741 /* Reverse Words in a String.h */ = {isa = PBXFileReference; lastKnownFileType = sourcecode.c.h; path = "Reverse Words in a String.h"; sourceTree = "<group>"; };
		A24A36BA1A1099820018B741 /* First Missing Positive.h */ = {isa = PBXFileReference; lastKnownFileType = sourcecode.c.h; path = "First Missing Positive.h"; sourceTree = "<group>"; };
		A2525AC81A2B0D470043A528 /* Intersection of Two Linked Lists.h */ = {isa = PBXFileReference; lastKnownFileType = sourcecode.c.h; path = "Intersection of Two Linked Lists.h"; sourceTree = "<group>"; };
		A25F456D1A0B611000E713AB /* Distinct Subsequences.h */ = {isa = PBXFileReference; fileEncoding = 4; lastKnownFileType = sourcecode.c.h; path = "Distinct Subsequences.h"; sourceTree = "<group>"; };
		A25F456E1A0B611000E713AB /* Largest Rectangle in Histogram.h */ = {isa = PBXFileReference; fileEncoding = 4; lastKnownFileType = sourcecode.c.h; path = "Largest Rectangle in Histogram.h"; sourceTree = "<group>"; };
		A25F456F1A0B611000E713AB /* Maximal Rectangle.h */ = {isa = PBXFileReference; fileEncoding = 4; lastKnownFileType = sourcecode.c.h; path = "Maximal Rectangle.h"; sourceTree = "<group>"; };
		A25F45701A0B611000E713AB /* Minimum Window Substring.h */ = {isa = PBXFileReference; fileEncoding = 4; lastKnownFileType = sourcecode.c.h; path = "Minimum Window Substring.h"; sourceTree = "<group>"; };
		A25F45711A0B611000E713AB /* Scramble String.h */ = {isa = PBXFileReference; fileEncoding = 4; lastKnownFileType = sourcecode.c.h; path = "Scramble String.h"; sourceTree = "<group>"; };
		A25F45721A0B611000E713AB /* Binary Tree Maximum Path Sum.h */ = {isa = PBXFileReference; fileEncoding = 4; lastKnownFileType = sourcecode.c.h; path = "Binary Tree Maximum Path Sum.h"; sourceTree = "<group>"; };
		A25F45731A0B611000E713AB /* Binary Tree Postorder Traversal.h */ = {isa = PBXFileReference; fileEncoding = 4; lastKnownFileType = sourcecode.c.h; path = "Binary Tree Postorder Traversal.h"; sourceTree = "<group>"; };
		A25F45741A0B611000E713AB /* candy.h */ = {isa = PBXFileReference; fileEncoding = 4; lastKnownFileType = sourcecode.c.h; path = candy.h; sourceTree = "<group>"; };
		A25F45751A0B611000E713AB /* Interleaving String.h */ = {isa = PBXFileReference; fileEncoding = 4; lastKnownFileType = sourcecode.c.h; path = "Interleaving String.h"; sourceTree = "<group>"; };
		A25F45761A0B611000E713AB /* Longest Consecutive Sequence.h */ = {isa = PBXFileReference; fileEncoding = 4; lastKnownFileType = sourcecode.c.h; path = "Longest Consecutive Sequence.h"; sourceTree = "<group>"; };
		A25F45771A0B611000E713AB /* Maximum Subarray.h */ = {isa = PBXFileReference; fileEncoding = 4; lastKnownFileType = sourcecode.c.h; path = "Maximum Subarray.h"; sourceTree = "<group>"; };
		A25F45781A0B611000E713AB /* Populating Next Right Pointers in Each Node II.h */ = {isa = PBXFileReference; fileEncoding = 4; lastKnownFileType = sourcecode.c.h; path = "Populating Next Right Pointers in Each Node II.h"; sourceTree = "<group>"; };
		A25F45791A0B611000E713AB /* Populating Next Right Pointers in Each Node.h */ = {isa = PBXFileReference; fileEncoding = 4; lastKnownFileType = sourcecode.c.h; path = "Populating Next Right Pointers in Each Node.h"; sourceTree = "<group>"; };
		A25F457A1A0B611000E713AB /* Recover Binary Search Tree.h */ = {isa = PBXFileReference; fileEncoding = 4; lastKnownFileType = sourcecode.c.h; path = "Recover Binary Search Tree.h"; sourceTree = "<group>"; };
		A26E0F961A22D81D00B02EAB /* Path Sum II.h */ = {isa = PBXFileReference; lastKnownFileType = sourcecode.c.h; path = "Path Sum II.h"; sourceTree = "<group>"; };
		A26E0F971A23026100B02EAB /* Convert Sorted List to Binary Search Tree.h */ = {isa = PBXFileReference; lastKnownFileType = sourcecode.c.h; path = "Convert Sorted List to Binary Search Tree.h"; sourceTree = "<group>"; };
		A26E0F981A23102700B02EAB /* Permutation Sequence.h */ = {isa = PBXFileReference; lastKnownFileType = sourcecode.c.h; path = "Permutation Sequence.h"; sourceTree = "<group>"; };
		A27DBDC41A14075200495CAF /* Plus One.h */ = {isa = PBXFileReference; lastKnownFileType = sourcecode.c.h; path = "Plus One.h"; sourceTree = "<group>"; };
		A27DBDC51A14183C00495CAF /* Min Stack.h */ = {isa = PBXFileReference; lastKnownFileType = sourcecode.c.h; path = "Min Stack.h"; sourceTree = "<group>"; };
		A2AA98521A19CFB2001ADE46 /* Longest Valid Parentheses.h */ = {isa = PBXFileReference; lastKnownFileType = sourcecode.c.h; path = "Longest Valid Parentheses.h"; sourceTree = "<group>"; };
		A2B7CF641A2FD47800472241 /* Word Ladder.h */ = {isa = PBXFileReference; lastKnownFileType = sourcecode.c.h; path = "Word Ladder.h"; sourceTree = "<group>"; };
		A2B7CF651A301A7300472241 /* Word Ladder II.h */ = {isa = PBXFileReference; lastKnownFileType = sourcecode.c.h; path = "Word Ladder II.h"; sourceTree = "<group>"; };
		A2B7F5901A2585CC000DE070 /* Combination Sum.h */ = {isa = PBXFileReference; lastKnownFileType = sourcecode.c.h; path = "Combination Sum.h"; sourceTree = "<group>"; };
		A2B7F5911A2585E7000DE070 /* Combination Sum II.h */ = {isa = PBXFileReference; lastKnownFileType = sourcecode.c.h; path = "Combination Sum II.h"; sourceTree = "<group>"; };
		A2B7F5921A258BB2000DE070 /* Clone Graph.h */ = {isa = PBXFileReference; lastKnownFileType = sourcecode.c.h; path = "Clone Graph.h"; sourceTree = "<group>"; };
		A2C7783D1A12D8410097C2D0 /* Sudoku Solver.h */ = {isa = PBXFileReference; lastKnownFileType = sourcecode.c.h; path = "Sudoku Solver.h"; sourceTree = "<group>"; };
		A2D42F1719FEC6ED0098F93B /* leetcodeInXcode */ = {isa = PBXFileReference; explicitFileType = "compiled.mach-o.executable"; includeInIndex = 0; path = leetcodeInXcode; sourceTree = BUILT_PRODUCTS_DIR; };
		A2D42F1A19FEC6ED0098F93B /* main.cpp */ = {isa = PBXFileReference; lastKnownFileType = sourcecode.cpp.cpp; path = main.cpp; sourceTree = "<group>"; };
		A2E8ECD41A209316005C80FC /* Substring with Concatenation of All Words.h */ = {isa = PBXFileReference; lastKnownFileType = sourcecode.c.h; path = "Substring with Concatenation of All Words.h"; sourceTree = "<group>"; };
		A2F4C3C81A3A54D800D30458 /* Surrounded Regions.h */ = {isa = PBXFileReference; lastKnownFileType = sourcecode.c.h; path = "Surrounded Regions.h"; sourceTree = "<group>"; };
/* End PBXFileReference section */

/* Begin PBXFrameworksBuildPhase section */
		A2D42F1419FEC6ED0098F93B /* Frameworks */ = {
			isa = PBXFrameworksBuildPhase;
			buildActionMask = 2147483647;
			files = (
			);
			runOnlyForDeploymentPostprocessing = 0;
		};
/* End PBXFrameworksBuildPhase section */

/* Begin PBXGroup section */
		A22066801A01F29D00ED6341 /* header */ = {
			isa = PBXGroup;
			children = (
				A22066811A01F29D00ED6341 /* Algorithm.h */,
				A22066821A01F29D00ED6341 /* Container.h */,
				A22066831A01F29D00ED6341 /* InputOutput.h */,
				A22066841A01F29D00ED6341 /* Numerics.h */,
			);
			path = header;
			sourceTree = "<group>";
		};
		A22066881A01F2C900ED6341 /* Solution */ = {
			isa = PBXGroup;
			children = (
				A24A36B91A10874B0018B741 /* Reverse Words in a String.h */,
				A25F456D1A0B611000E713AB /* Distinct Subsequences.h */,
				A25F456E1A0B611000E713AB /* Largest Rectangle in Histogram.h */,
				A25F456F1A0B611000E713AB /* Maximal Rectangle.h */,
				A25F45701A0B611000E713AB /* Minimum Window Substring.h */,
				A25F45711A0B611000E713AB /* Scramble String.h */,
				A25F45721A0B611000E713AB /* Binary Tree Maximum Path Sum.h */,
				A25F45731A0B611000E713AB /* Binary Tree Postorder Traversal.h */,
				A25F45741A0B611000E713AB /* candy.h */,
				A25F45751A0B611000E713AB /* Interleaving String.h */,
				A25F45761A0B611000E713AB /* Longest Consecutive Sequence.h */,
				A25F45771A0B611000E713AB /* Maximum Subarray.h */,
				A25F45781A0B611000E713AB /* Populating Next Right Pointers in Each Node II.h */,
				A25F45791A0B611000E713AB /* Populating Next Right Pointers in Each Node.h */,
				A25F457A1A0B611000E713AB /* Recover Binary Search Tree.h */,
				A21A31971A0C0CAB00CD41D8 /* Text Justification.h */,
				A24A36B71A1021D20018B741 /* Insert Interval.h */,
				A24A36B81A103A330018B741 /* Merge Intervals.h */,
				A24A36BA1A1099820018B741 /* First Missing Positive.h */,
				A2C7783D1A12D8410097C2D0 /* Sudoku Solver.h */,
				A27DBDC41A14075200495CAF /* Plus One.h */,
				A27DBDC51A14183C00495CAF /* Min Stack.h */,
				A20B52891A153F9800126095 /* 3Sum.h */,
				A23BABAE1A1724D60022740A /* 4Sum.h */,
				A23F083F1A18AB1B001CCD7F /* Reorder List.h */,
				A2AA98521A19CFB2001ADE46 /* Longest Valid Parentheses.h */,
				A23BA5781A1C68B200F69AD5 /* Container With Most Water.h */,
				A2E8ECD41A209316005C80FC /* Substring with Concatenation of All Words.h */,
				A26E0F961A22D81D00B02EAB /* Path Sum II.h */,
				A26E0F971A23026100B02EAB /* Convert Sorted List to Binary Search Tree.h */,
				A26E0F981A23102700B02EAB /* Permutation Sequence.h */,
				A2B7F5901A2585CC000DE070 /* Combination Sum.h */,
				A2B7F5911A2585E7000DE070 /* Combination Sum II.h */,
				A2B7F5921A258BB2000DE070 /* Clone Graph.h */,
				A22D3E301A27E6D6007E4528 /* ZigZag Conversion.h */,
				A22D3E311A27EF4B007E4528 /* Unique Binary Search Trees.h */,
				A22D3E321A27FC53007E4528 /* Unique Binary Search Trees II.h */,
				A22D3E331A28484D007E4528 /* Spiral Matrix II.h */,
				A22D3E341A284C8F007E4528 /* Best Time to Buy and Sell Stock.h */,
				A22D3E351A284E36007E4528 /* Best Time to Buy and Sell Stock II.h */,
				A22D3E361A287B8C007E4528 /* Best Time to Buy and Sell Stock III.h */,
				A22D3E371A287D50007E4528 /* Binary Tree Preorder Traversal.h */,
				A22D3E381A288208007E4528 /* Rotate Image.h */,
				A2525AC81A2B0D470043A528 /* Intersection of Two Linked Lists.h */,
				A2B7CF641A2FD47800472241 /* Word Ladder.h */,
				A2B7CF651A301A7300472241 /* Word Ladder II.h */,
				A23F86CE1A339AE8008C297D /* Reverse Linked List II.h */,
				A23F86CF1A33F67F008C297D /* Subsets II.h */,
				A23F86D01A342C44008C297D /* Single Number II.h */,
				A2F4C3C81A3A54D800D30458 /* Surrounded Regions.h */,
				A23ABB2B1A3AC0410015BDA0 /* Binary Tree Level Order Traversal II.h */,
				A23ABB2C1A3AC9E00015BDA0 /* Find Peak Element.h */,
			);
			path = Solution;
			sourceTree = "<group>";
		};
		A2D42F0E19FEC6ED0098F93B = {
			isa = PBXGroup;
			children = (
				A2D42F1919FEC6ED0098F93B /* leetcodeInXcode */,
				A2D42F1819FEC6ED0098F93B /* Products */,
			);
			sourceTree = "<group>";
		};
		A2D42F1819FEC6ED0098F93B /* Products */ = {
			isa = PBXGroup;
			children = (
				A2D42F1719FEC6ED0098F93B /* leetcodeInXcode */,
			);
			name = Products;
			sourceTree = "<group>";
		};
		A2D42F1919FEC6ED0098F93B /* leetcodeInXcode */ = {
			isa = PBXGroup;
			children = (
				A2D42F1A19FEC6ED0098F93B /* main.cpp */,
				A232651D1A01D99E007F6C77 /* Prefix.pch */,
				A22066881A01F2C900ED6341 /* Solution */,
				A22066801A01F29D00ED6341 /* header */,
			);
			path = leetcodeInXcode;
			sourceTree = "<group>";
		};
/* End PBXGroup section */

/* Begin PBXNativeTarget section */
		A2D42F1619FEC6ED0098F93B /* leetcodeInXcode */ = {
			isa = PBXNativeTarget;
			buildConfigurationList = A2D42F1E19FEC6ED0098F93B /* Build configuration list for PBXNativeTarget "leetcodeInXcode" */;
			buildPhases = (
				A2D42F1319FEC6ED0098F93B /* Sources */,
				A2D42F1419FEC6ED0098F93B /* Frameworks */,
				A2D42F1519FEC6ED0098F93B /* CopyFiles */,
			);
			buildRules = (
			);
			dependencies = (
			);
			name = leetcodeInXcode;
			productName = leetcodeInXcode;
			productReference = A2D42F1719FEC6ED0098F93B /* leetcodeInXcode */;
			productType = "com.apple.product-type.tool";
		};
/* End PBXNativeTarget section */

/* Begin PBXProject section */
		A2D42F0F19FEC6ED0098F93B /* Project object */ = {
			isa = PBXProject;
			attributes = {
				LastUpgradeCheck = 0610;
				ORGANIZATIONNAME = edu.self;
				TargetAttributes = {
					A2D42F1619FEC6ED0098F93B = {
						CreatedOnToolsVersion = 6.1;
					};
				};
			};
			buildConfigurationList = A2D42F1219FEC6ED0098F93B /* Build configuration list for PBXProject "leetcodeInXcode" */;
			compatibilityVersion = "Xcode 3.2";
			developmentRegion = English;
			hasScannedForEncodings = 0;
			knownRegions = (
				en,
			);
			mainGroup = A2D42F0E19FEC6ED0098F93B;
			productRefGroup = A2D42F1819FEC6ED0098F93B /* Products */;
			projectDirPath = "";
			projectRoot = "";
			targets = (
				A2D42F1619FEC6ED0098F93B /* leetcodeInXcode */,
			);
		};
/* End PBXProject section */

/* Begin PBXSourcesBuildPhase section */
		A2D42F1319FEC6ED0098F93B /* Sources */ = {
			isa = PBXSourcesBuildPhase;
			buildActionMask = 2147483647;
			files = (
				A2D42F1B19FEC6ED0098F93B /* main.cpp in Sources */,
			);
			runOnlyForDeploymentPostprocessing = 0;
		};
/* End PBXSourcesBuildPhase section */

/* Begin XCBuildConfiguration section */
		A2D42F1C19FEC6ED0098F93B /* Debug */ = {
			isa = XCBuildConfiguration;
			buildSettings = {
				ALWAYS_SEARCH_USER_PATHS = NO;
				CLANG_CXX_LANGUAGE_STANDARD = "gnu++0x";
				CLANG_CXX_LIBRARY = "libc++";
				CLANG_ENABLE_MODULES = YES;
				CLANG_ENABLE_OBJC_ARC = YES;
				CLANG_WARN_BOOL_CONVERSION = YES;
				CLANG_WARN_CONSTANT_CONVERSION = YES;
				CLANG_WARN_DIRECT_OBJC_ISA_USAGE = YES_ERROR;
				CLANG_WARN_EMPTY_BODY = YES;
				CLANG_WARN_ENUM_CONVERSION = YES;
				CLANG_WARN_INT_CONVERSION = YES;
				CLANG_WARN_OBJC_ROOT_CLASS = YES_ERROR;
				CLANG_WARN_UNREACHABLE_CODE = YES;
				CLANG_WARN__DUPLICATE_METHOD_MATCH = YES;
				COPY_PHASE_STRIP = NO;
				ENABLE_STRICT_OBJC_MSGSEND = YES;
				GCC_C_LANGUAGE_STANDARD = gnu99;
				GCC_DYNAMIC_NO_PIC = NO;
				GCC_OPTIMIZATION_LEVEL = 0;
				GCC_PREPROCESSOR_DEFINITIONS = (
					"DEBUG=1",
					"$(inherited)",
				);
				GCC_SYMBOLS_PRIVATE_EXTERN = NO;
				GCC_WARN_64_TO_32_BIT_CONVERSION = YES;
				GCC_WARN_ABOUT_RETURN_TYPE = YES_ERROR;
				GCC_WARN_UNDECLARED_SELECTOR = YES;
				GCC_WARN_UNINITIALIZED_AUTOS = YES_AGGRESSIVE;
				GCC_WARN_UNUSED_FUNCTION = YES;
				GCC_WARN_UNUSED_VARIABLE = YES;
				MACOSX_DEPLOYMENT_TARGET = 10.10;
				MTL_ENABLE_DEBUG_INFO = YES;
				ONLY_ACTIVE_ARCH = YES;
				SDKROOT = macosx;
			};
			name = Debug;
		};
		A2D42F1D19FEC6ED0098F93B /* Release */ = {
			isa = XCBuildConfiguration;
			buildSettings = {
				ALWAYS_SEARCH_USER_PATHS = NO;
				CLANG_CXX_LANGUAGE_STANDARD = "gnu++0x";
				CLANG_CXX_LIBRARY = "libc++";
				CLANG_ENABLE_MODULES = YES;
				CLANG_ENABLE_OBJC_ARC = YES;
				CLANG_WARN_BOOL_CONVERSION = YES;
				CLANG_WARN_CONSTANT_CONVERSION = YES;
				CLANG_WARN_DIRECT_OBJC_ISA_USAGE = YES_ERROR;
				CLANG_WARN_EMPTY_BODY = YES;
				CLANG_WARN_ENUM_CONVERSION = YES;
				CLANG_WARN_INT_CONVERSION = YES;
				CLANG_WARN_OBJC_ROOT_CLASS = YES_ERROR;
				CLANG_WARN_UNREACHABLE_CODE = YES;
				CLANG_WARN__DUPLICATE_METHOD_MATCH = YES;
				COPY_PHASE_STRIP = YES;
				DEBUG_INFORMATION_FORMAT = "dwarf-with-dsym";
				ENABLE_NS_ASSERTIONS = NO;
				ENABLE_STRICT_OBJC_MSGSEND = YES;
				GCC_C_LANGUAGE_STANDARD = gnu99;
				GCC_WARN_64_TO_32_BIT_CONVERSION = YES;
				GCC_WARN_ABOUT_RETURN_TYPE = YES_ERROR;
				GCC_WARN_UNDECLARED_SELECTOR = YES;
				GCC_WARN_UNINITIALIZED_AUTOS = YES_AGGRESSIVE;
				GCC_WARN_UNUSED_FUNCTION = YES;
				GCC_WARN_UNUSED_VARIABLE = YES;
				MACOSX_DEPLOYMENT_TARGET = 10.10;
				MTL_ENABLE_DEBUG_INFO = NO;
				SDKROOT = macosx;
			};
			name = Release;
		};
		A2D42F1F19FEC6ED0098F93B /* Debug */ = {
			isa = XCBuildConfiguration;
			buildSettings = {
				GCC_PRECOMPILE_PREFIX_HEADER = YES;
				GCC_PREFIX_HEADER = leetcodeInXcode/Prefix.pch;
				HEADER_SEARCH_PATHS = (
					"$(inherited)",
					/Applications/Xcode.app/Contents/Developer/Toolchains/XcodeDefault.xctoolchain/usr/include,
					leetcodeInXcode/Solution/,
				);
				PRODUCT_NAME = "$(TARGET_NAME)";
			};
			name = Debug;
		};
		A2D42F2019FEC6ED0098F93B /* Release */ = {
			isa = XCBuildConfiguration;
			buildSettings = {
				GCC_PRECOMPILE_PREFIX_HEADER = YES;
				GCC_PREFIX_HEADER = leetcodeInXcode/Prefix.pch;
				HEADER_SEARCH_PATHS = (
					"$(inherited)",
					/Applications/Xcode.app/Contents/Developer/Toolchains/XcodeDefault.xctoolchain/usr/include,
					leetcodeInXcode/Solution/,
				);
				PRODUCT_NAME = "$(TARGET_NAME)";
			};
			name = Release;
		};
/* End XCBuildConfiguration section */

/* Begin XCConfigurationList section */
		A2D42F1219FEC6ED0098F93B /* Build configuration list for PBXProject "leetcodeInXcode" */ = {
			isa = XCConfigurationList;
			buildConfigurations = (
				A2D42F1C19FEC6ED0098F93B /* Debug */,
				A2D42F1D19FEC6ED0098F93B /* Release */,
			);
			defaultConfigurationIsVisible = 0;
			defaultConfigurationName = Release;
		};
		A2D42F1E19FEC6ED0098F93B /* Build configuration list for PBXNativeTarget "leetcodeInXcode" */ = {
			isa = XCConfigurationList;
			buildConfigurations = (
				A2D42F1F19FEC6ED0098F93B /* Debug */,
				A2D42F2019FEC6ED0098F93B /* Release */,
			);
			defaultConfigurationIsVisible = 0;
			defaultConfigurationName = Release;
		};
/* End XCConfigurationList section */
	};
	rootObject = A2D42F0F19FEC6ED0098F93B /* Project object */;
}
