// !$*UTF8*$!
{
	archiveVersion = 1;
	classes = {
	};
	objectVersion = 46;
	objects = {

/* Begin PBXBuildFile section */
		A2D42F1B19FEC6ED0098F93B /* main.cpp in Sources */ = {isa = PBXBuildFile; fileRef = A2D42F1A19FEC6ED0098F93B /* main.cpp */; };
/* End PBXBuildFile section */

/* Begin PBXCopyFilesBuildPhase section */
		A2D42F1519FEC6ED0098F93B /* CopyFiles */ = {
			isa = PBXCopyFilesBuildPhase;
			buildActionMask = 2147483647;
			dstPath = /usr/share/man/man1/;
			dstSubfolderSpec = 0;
			files = (
			);
			runOnlyForDeploymentPostprocessing = 1;
		};
/* End PBXCopyFilesBuildPhase section */

/* Begin PBXFileReference section */
		A22066811A01F29D00ED6341 /* Algorithm.h */ = {isa = PBXFileReference; lastKnownFileType = sourcecode.c.h; path = Algorithm.h; sourceTree = "<group>"; };
		A22066821A01F29D00ED6341 /* Container.h */ = {isa = PBXFileReference; lastKnownFileType = sourcecode.c.h; path = Container.h; sourceTree = "<group>"; };
		A22066831A01F29D00ED6341 /* InputOutput.h */ = {isa = PBXFileReference; lastKnownFileType = sourcecode.c.h; path = InputOutput.h; sourceTree = "<group>"; };
		A22066841A01F29D00ED6341 /* Numerics.h */ = {isa = PBXFileReference; lastKnownFileType = sourcecode.c.h; path = Numerics.h; sourceTree = "<group>"; };
		A232651D1A01D99E007F6C77 /* Prefix.pch */ = {isa = PBXFileReference; lastKnownFileType = sourcecode.c.h; path = Prefix.pch; sourceTree = "<group>"; };
		A2D42F1719FEC6ED0098F93B /* leetcodeInXcode */ = {isa = PBXFileReference; explicitFileType = "compiled.mach-o.executable"; includeInIndex = 0; path = leetcodeInXcode; sourceTree = BUILT_PRODUCTS_DIR; };
		A2D42F1A19FEC6ED0098F93B /* main.cpp */ = {isa = PBXFileReference; lastKnownFileType = sourcecode.cpp.cpp; path = main.cpp; sourceTree = "<group>"; };
/* End PBXFileReference section */

/* Begin PBXFrameworksBuildPhase section */
		A2D42F1419FEC6ED0098F93B /* Frameworks */ = {
			isa = PBXFrameworksBuildPhase;
			buildActionMask = 2147483647;
			files = (
			);
			runOnlyForDeploymentPostprocessing = 0;
		};
/* End PBXFrameworksBuildPhase section */

/* Begin PBXGroup section */
		A22066801A01F29D00ED6341 /* header */ = {
			isa = PBXGroup;
			children = (
				A22066811A01F29D00ED6341 /* Algorithm.h */,
				A22066821A01F29D00ED6341 /* Container.h */,
				A22066831A01F29D00ED6341 /* InputOutput.h */,
				A22066841A01F29D00ED6341 /* Numerics.h */,
			);
			path = header;
			sourceTree = "<group>";
		};
		A22066881A01F2C900ED6341 /* Solution */ = {
			isa = PBXGroup;
			children = (
			);
			path = Solution;
			sourceTree = "<group>";
		};
		A2D42F0E19FEC6ED0098F93B = {
			isa = PBXGroup;
			children = (
				A2D42F1919FEC6ED0098F93B /* leetcodeInXcode */,
				A2D42F1819FEC6ED0098F93B /* Products */,
			);
			sourceTree = "<group>";
		};
		A2D42F1819FEC6ED0098F93B /* Products */ = {
			isa = PBXGroup;
			children = (
				A2D42F1719FEC6ED0098F93B /* leetcodeInXcode */,
			);
			name = Products;
			sourceTree = "<group>";
		};
		A2D42F1919FEC6ED0098F93B /* leetcodeInXcode */ = {
			isa = PBXGroup;
			children = (
				A2D42F1A19FEC6ED0098F93B /* main.cpp */,
				A232651D1A01D99E007F6C77 /* Prefix.pch */,
				A22066881A01F2C900ED6341 /* Solution */,
				A22066801A01F29D00ED6341 /* header */,
			);
			path = leetcodeInXcode;
			sourceTree = "<group>";
		};
/* End PBXGroup section */

/* Begin PBXNativeTarget section */
		A2D42F1619FEC6ED0098F93B /* leetcodeInXcode */ = {
			isa = PBXNativeTarget;
			buildConfigurationList = A2D42F1E19FEC6ED0098F93B /* Build configuration list for PBXNativeTarget "leetcodeInXcode" */;
			buildPhases = (
				A2D42F1319FEC6ED0098F93B /* Sources */,
				A2D42F1419FEC6ED0098F93B /* Frameworks */,
				A2D42F1519FEC6ED0098F93B /* CopyFiles */,
			);
			buildRules = (
			);
			dependencies = (
			);
			name = leetcodeInXcode;
			productName = leetcodeInXcode;
			productReference = A2D42F1719FEC6ED0098F93B /* leetcodeInXcode */;
			productType = "com.apple.product-type.tool";
		};
/* End PBXNativeTarget section */

/* Begin PBXProject section */
		A2D42F0F19FEC6ED0098F93B /* Project object */ = {
			isa = PBXProject;
			attributes = {
				LastUpgradeCheck = 0610;
				ORGANIZATIONNAME = edu.self;
				TargetAttributes = {
					A2D42F1619FEC6ED0098F93B = {
						CreatedOnToolsVersion = 6.1;
					};
				};
			};
			buildConfigurationList = A2D42F1219FEC6ED0098F93B /* Build configuration list for PBXProject "leetcodeInXcode" */;
			compatibilityVersion = "Xcode 3.2";
			developmentRegion = English;
			hasScannedForEncodings = 0;
			knownRegions = (
				en,
			);
			mainGroup = A2D42F0E19FEC6ED0098F93B;
			productRefGroup = A2D42F1819FEC6ED0098F93B /* Products */;
			projectDirPath = "";
			projectRoot = "";
			targets = (
				A2D42F1619FEC6ED0098F93B /* leetcodeInXcode */,
			);
		};
/* End PBXProject section */

/* Begin PBXSourcesBuildPhase section */
		A2D42F1319FEC6ED0098F93B /* Sources */ = {
			isa = PBXSourcesBuildPhase;
			buildActionMask = 2147483647;
			files = (
				A2D42F1B19FEC6ED0098F93B /* main.cpp in Sources */,
			);
			runOnlyForDeploymentPostprocessing = 0;
		};
/* End PBXSourcesBuildPhase section */

/* Begin XCBuildConfiguration section */
		A2D42F1C19FEC6ED0098F93B /* Debug */ = {
			isa = XCBuildConfiguration;
			buildSettings = {
				ALWAYS_SEARCH_USER_PATHS = NO;
				CLANG_CXX_LANGUAGE_STANDARD = "gnu++0x";
				CLANG_CXX_LIBRARY = "libc++";
				CLANG_ENABLE_MODULES = YES;
				CLANG_ENABLE_OBJC_ARC = YES;
				CLANG_WARN_BOOL_CONVERSION = YES;
				CLANG_WARN_CONSTANT_CONVERSION = YES;
				CLANG_WARN_DIRECT_OBJC_ISA_USAGE = YES_ERROR;
				CLANG_WARN_EMPTY_BODY = YES;
				CLANG_WARN_ENUM_CONVERSION = YES;
				CLANG_WARN_INT_CONVERSION = YES;
				CLANG_WARN_OBJC_ROOT_CLASS = YES_ERROR;
				CLANG_WARN_UNREACHABLE_CODE = YES;
				CLANG_WARN__DUPLICATE_METHOD_MATCH = YES;
				COPY_PHASE_STRIP = NO;
				ENABLE_STRICT_OBJC_MSGSEND = YES;
				GCC_C_LANGUAGE_STANDARD = gnu99;
				GCC_DYNAMIC_NO_PIC = NO;
				GCC_OPTIMIZATION_LEVEL = 0;
				GCC_PREPROCESSOR_DEFINITIONS = (
					"DEBUG=1",
					"$(inherited)",
				);
				GCC_SYMBOLS_PRIVATE_EXTERN = NO;
				GCC_WARN_64_TO_32_BIT_CONVERSION = YES;
				GCC_WARN_ABOUT_RETURN_TYPE = YES_ERROR;
				GCC_WARN_UNDECLARED_SELECTOR = YES;
				GCC_WARN_UNINITIALIZED_AUTOS = YES_AGGRESSIVE;
				GCC_WARN_UNUSED_FUNCTION = YES;
				GCC_WARN_UNUSED_VARIABLE = YES;
				MACOSX_DEPLOYMENT_TARGET = 10.10;
				MTL_ENABLE_DEBUG_INFO = YES;
				ONLY_ACTIVE_ARCH = YES;
				SDKROOT = macosx;
			};
			name = Debug;
		};
		A2D42F1D19FEC6ED0098F93B /* Release */ = {
			isa = XCBuildConfiguration;
			buildSettings = {
				ALWAYS_SEARCH_USER_PATHS = NO;
				CLANG_CXX_LANGUAGE_STANDARD = "gnu++0x";
				CLANG_CXX_LIBRARY = "libc++";
				CLANG_ENABLE_MODULES = YES;
				CLANG_ENABLE_OBJC_ARC = YES;
				CLANG_WARN_BOOL_CONVERSION = YES;
				CLANG_WARN_CONSTANT_CONVERSION = YES;
				CLANG_WARN_DIRECT_OBJC_ISA_USAGE = YES_ERROR;
				CLANG_WARN_EMPTY_BODY = YES;
				CLANG_WARN_ENUM_CONVERSION = YES;
				CLANG_WARN_INT_CONVERSION = YES;
				CLANG_WARN_OBJC_ROOT_CLASS = YES_ERROR;
				CLANG_WARN_UNREACHABLE_CODE = YES;
				CLANG_WARN__DUPLICATE_METHOD_MATCH = YES;
				COPY_PHASE_STRIP = YES;
				DEBUG_INFORMATION_FORMAT = "dwarf-with-dsym";
				ENABLE_NS_ASSERTIONS = NO;
				ENABLE_STRICT_OBJC_MSGSEND = YES;
				GCC_C_LANGUAGE_STANDARD = gnu99;
				GCC_WARN_64_TO_32_BIT_CONVERSION = YES;
				GCC_WARN_ABOUT_RETURN_TYPE = YES_ERROR;
				GCC_WARN_UNDECLARED_SELECTOR = YES;
				GCC_WARN_UNINITIALIZED_AUTOS = YES_AGGRESSIVE;
				GCC_WARN_UNUSED_FUNCTION = YES;
				GCC_WARN_UNUSED_VARIABLE = YES;
				MACOSX_DEPLOYMENT_TARGET = 10.10;
				MTL_ENABLE_DEBUG_INFO = NO;
				SDKROOT = macosx;
			};
			name = Release;
		};
		A2D42F1F19FEC6ED0098F93B /* Debug */ = {
			isa = XCBuildConfiguration;
			buildSettings = {
				GCC_PRECOMPILE_PREFIX_HEADER = YES;
				GCC_PREFIX_HEADER = leetcodeInXcode/Prefix.pch;
				HEADER_SEARCH_PATHS = (
					"$(inherited)",
					/Applications/Xcode.app/Contents/Developer/Toolchains/XcodeDefault.xctoolchain/usr/include,
					Solution/,
				);
				PRODUCT_NAME = "$(TARGET_NAME)";
			};
			name = Debug;
		};
		A2D42F2019FEC6ED0098F93B /* Release */ = {
			isa = XCBuildConfiguration;
			buildSettings = {
				GCC_PRECOMPILE_PREFIX_HEADER = YES;
				GCC_PREFIX_HEADER = leetcodeInXcode/Prefix.pch;
				HEADER_SEARCH_PATHS = (
					"$(inherited)",
					/Applications/Xcode.app/Contents/Developer/Toolchains/XcodeDefault.xctoolchain/usr/include,
					Solution/,
				);
				PRODUCT_NAME = "$(TARGET_NAME)";
			};
			name = Release;
		};
/* End XCBuildConfiguration section */

/* Begin XCConfigurationList section */
		A2D42F1219FEC6ED0098F93B /* Build configuration list for PBXProject "leetcodeInXcode" */ = {
			isa = XCConfigurationList;
			buildConfigurations = (
				A2D42F1C19FEC6ED0098F93B /* Debug */,
				A2D42F1D19FEC6ED0098F93B /* Release */,
			);
			defaultConfigurationIsVisible = 0;
			defaultConfigurationName = Release;
		};
		A2D42F1E19FEC6ED0098F93B /* Build configuration list for PBXNativeTarget "leetcodeInXcode" */ = {
			isa = XCConfigurationList;
			buildConfigurations = (
				A2D42F1F19FEC6ED0098F93B /* Debug */,
				A2D42F2019FEC6ED0098F93B /* Release */,
			);
			defaultConfigurationIsVisible = 0;
			defaultConfigurationName = Release;
		};
/* End XCConfigurationList section */
	};
	rootObject = A2D42F0F19FEC6ED0098F93B /* Project object */;
}
